
Microsoft Visual Studio Solution File, Format Version 12.00
# Visual Studio 15
VisualStudioVersion = 15.0.27130.2036
MinimumVisualStudioVersion = 10.0.40219.1
Project("{F184B08F-C81C-45F6-A57F-5ABD9991F28F}") = "php_dotnet", "php_dotnet.phpproj", "{514A0082-0F05-48BE-9DA1-7AB24B3C5567}"
EndProject
Global
	GlobalSection(SolutionConfigurationPlatforms) = preSolution		
		Biodeep_UNIX_x64|x64 = Biodeep_UNIX_x64|x64
	EndGlobalSection
	GlobalSection(ProjectConfigurationPlatforms) = postSolution
		{514A0082-0F05-48BE-9DA1-7AB24B3C5567}.Biodeep_UNIX_x64|Any CPU.ActiveCfg = Release|Any CPU
	EndGlobalSection
	GlobalSection(SolutionProperties) = preSolution
		HideSolutionNode = FALSE
	EndGlobalSection
	GlobalSection(NestedProjects) = preSolution
		{F184B08F-C81C-45F6-A57F-5ABD9991F28F} = {F184B08F-C81C-45F6-A57F-5ABD9991F28F}
	EndGlobalSection
	GlobalSection(ExtensibilityGlobals) = postSolution
		SolutionGuid = {75507F09-62CF-4D69-B9C1-8C37932F601B}
	EndGlobalSection
EndGlobal
