
Microsoft Visual Studio Solution File, Format Version 12.00
# Visual Studio 15
VisualStudioVersion = 15.0.27906.1
MinimumVisualStudioVersion = 10.0.40219.1
Project("{9092AA53-FB77-4645-B42D-1CCCA6BD08BD}") = "js_worker", "js_worker/js_worker.njsproj", "{60E82ED0-9CA7-4BC9-AD9C-9EE403CD9E54}"
EndProject
Global
	GlobalSection(SolutionConfigurationPlatforms) = preSolution
		Debug|Any CPU = Debug|Any CPU
		Release|Any CPU = Release|Any CPU
	EndGlobalSection
	GlobalSection(ProjectConfigurationPlatforms) = postSolution
		{60E82ED0-9CA7-4BC9-AD9C-9EE403CD9E54}.Debug|Any CPU.ActiveCfg = Debug|Any CPU
		{60E82ED0-9CA7-4BC9-AD9C-9EE403CD9E54}.Debug|Any CPU.Build.0 = Debug|Any CPU
		{60E82ED0-9CA7-4BC9-AD9C-9EE403CD9E54}.Release|Any CPU.ActiveCfg = Release|Any CPU
		{60E82ED0-9CA7-4BC9-AD9C-9EE403CD9E54}.Release|Any CPU.Build.0 = Release|Any CPU
	EndGlobalSection
	GlobalSection(SolutionProperties) = preSolution
		HideSolutionNode = FALSE
	EndGlobalSection
	GlobalSection(ExtensibilityGlobals) = postSolution
		SolutionGuid = {6714E400-D648-40C7-963B-776B425B7ACA}
	EndGlobalSection
EndGlobal
