
Microsoft Visual Studio Solution File, Format Version 12.00
# Visual Studio 15
VisualStudioVersion = 15.0.27130.2036
MinimumVisualStudioVersion = 10.0.40219.1
Project("{F184B08F-C81C-45F6-A57F-5ABD9991F28F}") = "mysqli", "MySqli\mysqli.vbproj", "{7C7C244B-BD82-42CE-A4F1-A934A9412364}"
EndProject
Project("{2150E333-8FDC-42A3-9474-1A3956D46DE8}") = "runtime", "runtime", "{B5AA85AA-8238-4323-8C94-8BF9EA47BF54}"
EndProject
Project("{F184B08F-C81C-45F6-A57F-5ABD9991F28F}") = "47-dotnet_Microsoft.VisualBasic", "runtime\sciBASIC#\Microsoft.VisualBasic.Core\47-dotnet_Microsoft.VisualBasic.vbproj", "{FECCE1FD-E1D4-49E3-A668-60BB5E7AED99}"
EndProject
Project("{F184B08F-C81C-45F6-A57F-5ABD9991F28F}") = "MIME-htmls", "runtime\sciBASIC#\mime\text%html\MIME-htmls.vbproj", "{2DD4BE80-DDC3-4767-94A7-10F1C3395716}"
EndProject
Project("{F184B08F-C81C-45F6-A57F-5ABD9991F28F}") = "LibMySQL", "runtime\mysqli.vb\LibMySQL\LibMySQL.vbproj", "{2C34A044-1BDE-44E8-A86E-E9971C87DA21}"
EndProject
Project("{F184B08F-C81C-45F6-A57F-5ABD9991F28F}") = "CodeSolution", "runtime\mysqli.vb\CodeSolution\CodeSolution.vbproj", "{6FBB3D95-4D76-42B8-A991-A4BEED9831BC}"
EndProject
Project("{2150E333-8FDC-42A3-9474-1A3956D46DE8}") = "mysqli", "mysqli", "{4D3522D8-5C17-4882-A52A-C8F723531174}"
EndProject
Project("{F184B08F-C81C-45F6-A57F-5ABD9991F28F}") = "phpproj", "phpproj\phpproj.vbproj", "{B73B787B-8239-425F-B7F8-73070209B8FA}"
EndProject
Project("{F184B08F-C81C-45F6-A57F-5ABD9991F28F}") = "Rscript", "Rscript\Rscript.vbproj", "{730BD63E-854F-4F61-99BB-CBEE9C9015EC}"
EndProject
Project("{F184B08F-C81C-45F6-A57F-5ABD9991F28F}") = "VisualStudio", "runtime\sciBASIC#\vs_solutions\dev\VisualStudio\VisualStudio.vbproj", "{3A65D811-FC5C-4AD9-8456-8F720FF14C16}"
EndProject
Global
	GlobalSection(SolutionConfigurationPlatforms) = preSolution
		Biodeep_UNIX_x64|Any CPU = Biodeep_UNIX_x64|Any CPU
		Biodeep_UNIX_x64|x64 = Biodeep_UNIX_x64|x64
		Biodeep_UNIX_x64|x86 = Biodeep_UNIX_x64|x86
		Biodeep|Any CPU = Biodeep|Any CPU
		Biodeep|x64 = Biodeep|x64
		Biodeep|x86 = Biodeep|x86
		Biostack|Any CPU = Biostack|Any CPU
		Biostack|x64 = Biostack|x64
		Biostack|x86 = Biostack|x86
		Biostack-Debug|Any CPU = Biostack-Debug|Any CPU
		Biostack-Debug|x64 = Biostack-Debug|x64
		Biostack-Debug|x86 = Biostack-Debug|x86
		Debug|Any CPU = Debug|Any CPU
		Debug|x64 = Debug|x64
		Debug|x86 = Debug|x86
		DEMO|Any CPU = DEMO|Any CPU
		DEMO|x64 = DEMO|x64
		DEMO|x86 = DEMO|x86
		docs|Any CPU = docs|Any CPU
		docs|x64 = docs|x64
		docs|x86 = docs|x86
		GCModeller(Release_X64)|Any CPU = GCModeller(Release_X64)|Any CPU
		GCModeller(Release_X64)|x64 = GCModeller(Release_X64)|x64
		GCModeller(Release_X64)|x86 = GCModeller(Release_X64)|x86
		GCModeller(UNIX-Release_X64)|Any CPU = GCModeller(UNIX-Release_X64)|Any CPU
		GCModeller(UNIX-Release_X64)|x64 = GCModeller(UNIX-Release_X64)|x64
		GCModeller(UNIX-Release_X64)|x86 = GCModeller(UNIX-Release_X64)|x86
		installer_x64|Any CPU = installer_x64|Any CPU
		installer_x64|x64 = installer_x64|x64
		installer_x64|x86 = installer_x64|x86
		mysqli_X64_release|Any CPU = mysqli_X64_release|Any CPU
		mysqli_X64_release|x64 = mysqli_X64_release|x64
		mysqli_X64_release|x86 = mysqli_X64_release|x86
		ProteoWizard.d|Any CPU = ProteoWizard.d|Any CPU
		ProteoWizard.d|x64 = ProteoWizard.d|x64
		ProteoWizard.d|x86 = ProteoWizard.d|x86
		Publish|Any CPU = Publish|Any CPU
		Publish|x64 = Publish|x64
		Publish|x86 = Publish|x86
		Release|Any CPU = Release|Any CPU
		Release|x64 = Release|x64
		Release|x86 = Release|x86
		sciBASIC.NET-test-release|Any CPU = sciBASIC.NET-test-release|Any CPU
		sciBASIC.NET-test-release|x64 = sciBASIC.NET-test-release|x64
		sciBASIC.NET-test-release|x86 = sciBASIC.NET-test-release|x86
		Surveillance-of-infectious-diseases|Any CPU = Surveillance-of-infectious-diseases|Any CPU
		Surveillance-of-infectious-diseases|x64 = Surveillance-of-infectious-diseases|x64
		Surveillance-of-infectious-diseases|x86 = Surveillance-of-infectious-diseases|x86
		Yilia-Release_x64|Any CPU = Yilia-Release_x64|Any CPU
		Yilia-Release_x64|x64 = Yilia-Release_x64|x64
		Yilia-Release_x64|x86 = Yilia-Release_x64|x86
	EndGlobalSection
	GlobalSection(ProjectConfigurationPlatforms) = postSolution
		{7C7C244B-BD82-42CE-A4F1-A934A9412364}.Biodeep_UNIX_x64|Any CPU.ActiveCfg = Release|Any CPU
		{7C7C244B-BD82-42CE-A4F1-A934A9412364}.Biodeep_UNIX_x64|Any CPU.Build.0 = Release|Any CPU
		{7C7C244B-BD82-42CE-A4F1-A934A9412364}.Biodeep_UNIX_x64|x64.ActiveCfg = Release|Any CPU
		{7C7C244B-BD82-42CE-A4F1-A934A9412364}.Biodeep_UNIX_x64|x64.Build.0 = Release|Any CPU
		{7C7C244B-BD82-42CE-A4F1-A934A9412364}.Biodeep_UNIX_x64|x86.ActiveCfg = Debug|Any CPU
		{7C7C244B-BD82-42CE-A4F1-A934A9412364}.Biodeep_UNIX_x64|x86.Build.0 = Debug|Any CPU
		{7C7C244B-BD82-42CE-A4F1-A934A9412364}.Biodeep|Any CPU.ActiveCfg = Debug|Any CPU
		{7C7C244B-BD82-42CE-A4F1-A934A9412364}.Biodeep|Any CPU.Build.0 = Debug|Any CPU
		{7C7C244B-BD82-42CE-A4F1-A934A9412364}.Biodeep|x64.ActiveCfg = Debug|Any CPU
		{7C7C244B-BD82-42CE-A4F1-A934A9412364}.Biodeep|x64.Build.0 = Debug|Any CPU
		{7C7C244B-BD82-42CE-A4F1-A934A9412364}.Biodeep|x86.ActiveCfg = Debug|Any CPU
		{7C7C244B-BD82-42CE-A4F1-A934A9412364}.Biodeep|x86.Build.0 = Debug|Any CPU
		{7C7C244B-BD82-42CE-A4F1-A934A9412364}.Biostack|Any CPU.ActiveCfg = Debug|Any CPU
		{7C7C244B-BD82-42CE-A4F1-A934A9412364}.Biostack|Any CPU.Build.0 = Debug|Any CPU
		{7C7C244B-BD82-42CE-A4F1-A934A9412364}.Biostack|x64.ActiveCfg = Debug|Any CPU
		{7C7C244B-BD82-42CE-A4F1-A934A9412364}.Biostack|x64.Build.0 = Debug|Any CPU
		{7C7C244B-BD82-42CE-A4F1-A934A9412364}.Biostack|x86.ActiveCfg = Debug|Any CPU
		{7C7C244B-BD82-42CE-A4F1-A934A9412364}.Biostack|x86.Build.0 = Debug|Any CPU
		{7C7C244B-BD82-42CE-A4F1-A934A9412364}.Biostack-Debug|Any CPU.ActiveCfg = Debug|Any CPU
		{7C7C244B-BD82-42CE-A4F1-A934A9412364}.Biostack-Debug|Any CPU.Build.0 = Debug|Any CPU
		{7C7C244B-BD82-42CE-A4F1-A934A9412364}.Biostack-Debug|x64.ActiveCfg = Debug|Any CPU
		{7C7C244B-BD82-42CE-A4F1-A934A9412364}.Biostack-Debug|x64.Build.0 = Debug|Any CPU
		{7C7C244B-BD82-42CE-A4F1-A934A9412364}.Biostack-Debug|x86.ActiveCfg = Debug|Any CPU
		{7C7C244B-BD82-42CE-A4F1-A934A9412364}.Biostack-Debug|x86.Build.0 = Debug|Any CPU
		{7C7C244B-BD82-42CE-A4F1-A934A9412364}.Debug|Any CPU.ActiveCfg = Debug|Any CPU
		{7C7C244B-BD82-42CE-A4F1-A934A9412364}.Debug|Any CPU.Build.0 = Debug|Any CPU
		{7C7C244B-BD82-42CE-A4F1-A934A9412364}.Debug|x64.ActiveCfg = Debug|x64
		{7C7C244B-BD82-42CE-A4F1-A934A9412364}.Debug|x64.Build.0 = Debug|x64
		{7C7C244B-BD82-42CE-A4F1-A934A9412364}.Debug|x86.ActiveCfg = Debug|Any CPU
		{7C7C244B-BD82-42CE-A4F1-A934A9412364}.Debug|x86.Build.0 = Debug|Any CPU
		{7C7C244B-BD82-42CE-A4F1-A934A9412364}.DEMO|Any CPU.ActiveCfg = Debug|Any CPU
		{7C7C244B-BD82-42CE-A4F1-A934A9412364}.DEMO|Any CPU.Build.0 = Debug|Any CPU
		{7C7C244B-BD82-42CE-A4F1-A934A9412364}.DEMO|x64.ActiveCfg = Debug|Any CPU
		{7C7C244B-BD82-42CE-A4F1-A934A9412364}.DEMO|x64.Build.0 = Debug|Any CPU
		{7C7C244B-BD82-42CE-A4F1-A934A9412364}.DEMO|x86.ActiveCfg = Debug|Any CPU
		{7C7C244B-BD82-42CE-A4F1-A934A9412364}.DEMO|x86.Build.0 = Debug|Any CPU
		{7C7C244B-BD82-42CE-A4F1-A934A9412364}.docs|Any CPU.ActiveCfg = Debug|Any CPU
		{7C7C244B-BD82-42CE-A4F1-A934A9412364}.docs|Any CPU.Build.0 = Debug|Any CPU
		{7C7C244B-BD82-42CE-A4F1-A934A9412364}.docs|x64.ActiveCfg = Debug|Any CPU
		{7C7C244B-BD82-42CE-A4F1-A934A9412364}.docs|x64.Build.0 = Debug|Any CPU
		{7C7C244B-BD82-42CE-A4F1-A934A9412364}.docs|x86.ActiveCfg = Debug|Any CPU
		{7C7C244B-BD82-42CE-A4F1-A934A9412364}.docs|x86.Build.0 = Debug|Any CPU
		{7C7C244B-BD82-42CE-A4F1-A934A9412364}.GCModeller(Release_X64)|Any CPU.ActiveCfg = Release|Any CPU
		{7C7C244B-BD82-42CE-A4F1-A934A9412364}.GCModeller(Release_X64)|Any CPU.Build.0 = Release|Any CPU
		{7C7C244B-BD82-42CE-A4F1-A934A9412364}.GCModeller(Release_X64)|x64.ActiveCfg = Release|Any CPU
		{7C7C244B-BD82-42CE-A4F1-A934A9412364}.GCModeller(Release_X64)|x64.Build.0 = Release|Any CPU
		{7C7C244B-BD82-42CE-A4F1-A934A9412364}.GCModeller(Release_X64)|x86.ActiveCfg = Release|Any CPU
		{7C7C244B-BD82-42CE-A4F1-A934A9412364}.GCModeller(Release_X64)|x86.Build.0 = Release|Any CPU
		{7C7C244B-BD82-42CE-A4F1-A934A9412364}.GCModeller(UNIX-Release_X64)|Any CPU.ActiveCfg = Release|Any CPU
		{7C7C244B-BD82-42CE-A4F1-A934A9412364}.GCModeller(UNIX-Release_X64)|Any CPU.Build.0 = Release|Any CPU
		{7C7C244B-BD82-42CE-A4F1-A934A9412364}.GCModeller(UNIX-Release_X64)|x64.ActiveCfg = Release|Any CPU
		{7C7C244B-BD82-42CE-A4F1-A934A9412364}.GCModeller(UNIX-Release_X64)|x64.Build.0 = Release|Any CPU
		{7C7C244B-BD82-42CE-A4F1-A934A9412364}.GCModeller(UNIX-Release_X64)|x86.ActiveCfg = Release|Any CPU
		{7C7C244B-BD82-42CE-A4F1-A934A9412364}.GCModeller(UNIX-Release_X64)|x86.Build.0 = Release|Any CPU
		{7C7C244B-BD82-42CE-A4F1-A934A9412364}.installer_x64|Any CPU.ActiveCfg = Debug|Any CPU
		{7C7C244B-BD82-42CE-A4F1-A934A9412364}.installer_x64|Any CPU.Build.0 = Debug|Any CPU
		{7C7C244B-BD82-42CE-A4F1-A934A9412364}.installer_x64|x64.ActiveCfg = Debug|Any CPU
		{7C7C244B-BD82-42CE-A4F1-A934A9412364}.installer_x64|x64.Build.0 = Debug|Any CPU
		{7C7C244B-BD82-42CE-A4F1-A934A9412364}.installer_x64|x86.ActiveCfg = Debug|Any CPU
		{7C7C244B-BD82-42CE-A4F1-A934A9412364}.installer_x64|x86.Build.0 = Debug|Any CPU
		{7C7C244B-BD82-42CE-A4F1-A934A9412364}.mysqli_X64_release|Any CPU.ActiveCfg = Debug|Any CPU
		{7C7C244B-BD82-42CE-A4F1-A934A9412364}.mysqli_X64_release|Any CPU.Build.0 = Debug|Any CPU
		{7C7C244B-BD82-42CE-A4F1-A934A9412364}.mysqli_X64_release|x64.ActiveCfg = mysqli_X64_release|x64
		{7C7C244B-BD82-42CE-A4F1-A934A9412364}.mysqli_X64_release|x64.Build.0 = mysqli_X64_release|x64
		{7C7C244B-BD82-42CE-A4F1-A934A9412364}.mysqli_X64_release|x86.ActiveCfg = Debug|Any CPU
		{7C7C244B-BD82-42CE-A4F1-A934A9412364}.mysqli_X64_release|x86.Build.0 = Debug|Any CPU
		{7C7C244B-BD82-42CE-A4F1-A934A9412364}.ProteoWizard.d|Any CPU.ActiveCfg = Debug|Any CPU
		{7C7C244B-BD82-42CE-A4F1-A934A9412364}.ProteoWizard.d|Any CPU.Build.0 = Debug|Any CPU
		{7C7C244B-BD82-42CE-A4F1-A934A9412364}.ProteoWizard.d|x64.ActiveCfg = Debug|Any CPU
		{7C7C244B-BD82-42CE-A4F1-A934A9412364}.ProteoWizard.d|x64.Build.0 = Debug|Any CPU
		{7C7C244B-BD82-42CE-A4F1-A934A9412364}.ProteoWizard.d|x86.ActiveCfg = Debug|Any CPU
		{7C7C244B-BD82-42CE-A4F1-A934A9412364}.ProteoWizard.d|x86.Build.0 = Debug|Any CPU
		{7C7C244B-BD82-42CE-A4F1-A934A9412364}.Publish|Any CPU.ActiveCfg = Debug|Any CPU
		{7C7C244B-BD82-42CE-A4F1-A934A9412364}.Publish|Any CPU.Build.0 = Debug|Any CPU
		{7C7C244B-BD82-42CE-A4F1-A934A9412364}.Publish|x64.ActiveCfg = Debug|Any CPU
		{7C7C244B-BD82-42CE-A4F1-A934A9412364}.Publish|x64.Build.0 = Debug|Any CPU
		{7C7C244B-BD82-42CE-A4F1-A934A9412364}.Publish|x86.ActiveCfg = Debug|Any CPU
		{7C7C244B-BD82-42CE-A4F1-A934A9412364}.Publish|x86.Build.0 = Debug|Any CPU
		{7C7C244B-BD82-42CE-A4F1-A934A9412364}.Release|Any CPU.ActiveCfg = Release|Any CPU
		{7C7C244B-BD82-42CE-A4F1-A934A9412364}.Release|Any CPU.Build.0 = Release|Any CPU
		{7C7C244B-BD82-42CE-A4F1-A934A9412364}.Release|x64.ActiveCfg = Release|x64
		{7C7C244B-BD82-42CE-A4F1-A934A9412364}.Release|x64.Build.0 = Release|x64
		{7C7C244B-BD82-42CE-A4F1-A934A9412364}.Release|x86.ActiveCfg = Release|Any CPU
		{7C7C244B-BD82-42CE-A4F1-A934A9412364}.Release|x86.Build.0 = Release|Any CPU
		{7C7C244B-BD82-42CE-A4F1-A934A9412364}.sciBASIC.NET-test-release|Any CPU.ActiveCfg = Debug|Any CPU
		{7C7C244B-BD82-42CE-A4F1-A934A9412364}.sciBASIC.NET-test-release|Any CPU.Build.0 = Debug|Any CPU
		{7C7C244B-BD82-42CE-A4F1-A934A9412364}.sciBASIC.NET-test-release|x64.ActiveCfg = Debug|Any CPU
		{7C7C244B-BD82-42CE-A4F1-A934A9412364}.sciBASIC.NET-test-release|x64.Build.0 = Debug|Any CPU
		{7C7C244B-BD82-42CE-A4F1-A934A9412364}.sciBASIC.NET-test-release|x86.ActiveCfg = Debug|Any CPU
		{7C7C244B-BD82-42CE-A4F1-A934A9412364}.sciBASIC.NET-test-release|x86.Build.0 = Debug|Any CPU
		{7C7C244B-BD82-42CE-A4F1-A934A9412364}.Surveillance-of-infectious-diseases|Any CPU.ActiveCfg = Debug|Any CPU
		{7C7C244B-BD82-42CE-A4F1-A934A9412364}.Surveillance-of-infectious-diseases|Any CPU.Build.0 = Debug|Any CPU
		{7C7C244B-BD82-42CE-A4F1-A934A9412364}.Surveillance-of-infectious-diseases|x64.ActiveCfg = Debug|Any CPU
		{7C7C244B-BD82-42CE-A4F1-A934A9412364}.Surveillance-of-infectious-diseases|x64.Build.0 = Debug|Any CPU
		{7C7C244B-BD82-42CE-A4F1-A934A9412364}.Surveillance-of-infectious-diseases|x86.ActiveCfg = Debug|Any CPU
		{7C7C244B-BD82-42CE-A4F1-A934A9412364}.Surveillance-of-infectious-diseases|x86.Build.0 = Debug|Any CPU
		{7C7C244B-BD82-42CE-A4F1-A934A9412364}.Yilia-Release_x64|Any CPU.ActiveCfg = Release|Any CPU
		{7C7C244B-BD82-42CE-A4F1-A934A9412364}.Yilia-Release_x64|Any CPU.Build.0 = Release|Any CPU
		{7C7C244B-BD82-42CE-A4F1-A934A9412364}.Yilia-Release_x64|x64.ActiveCfg = Release|Any CPU
		{7C7C244B-BD82-42CE-A4F1-A934A9412364}.Yilia-Release_x64|x64.Build.0 = Release|Any CPU
		{7C7C244B-BD82-42CE-A4F1-A934A9412364}.Yilia-Release_x64|x86.ActiveCfg = Release|Any CPU
		{7C7C244B-BD82-42CE-A4F1-A934A9412364}.Yilia-Release_x64|x86.Build.0 = Release|Any CPU
		{FECCE1FD-E1D4-49E3-A668-60BB5E7AED99}.Biodeep_UNIX_x64|Any CPU.ActiveCfg = Biodeep_UNIX_x64|Any CPU
		{FECCE1FD-E1D4-49E3-A668-60BB5E7AED99}.Biodeep_UNIX_x64|Any CPU.Build.0 = Biodeep_UNIX_x64|Any CPU
		{FECCE1FD-E1D4-49E3-A668-60BB5E7AED99}.Biodeep_UNIX_x64|x64.ActiveCfg = Biodeep_UNIX_x64|x64
		{FECCE1FD-E1D4-49E3-A668-60BB5E7AED99}.Biodeep_UNIX_x64|x64.Build.0 = Biodeep_UNIX_x64|x64
		{FECCE1FD-E1D4-49E3-A668-60BB5E7AED99}.Biodeep_UNIX_x64|x86.ActiveCfg = Biodeep_UNIX_x64|x86
		{FECCE1FD-E1D4-49E3-A668-60BB5E7AED99}.Biodeep_UNIX_x64|x86.Build.0 = Biodeep_UNIX_x64|x86
		{FECCE1FD-E1D4-49E3-A668-60BB5E7AED99}.Biodeep|Any CPU.ActiveCfg = Biodeep|Any CPU
		{FECCE1FD-E1D4-49E3-A668-60BB5E7AED99}.Biodeep|Any CPU.Build.0 = Biodeep|Any CPU
		{FECCE1FD-E1D4-49E3-A668-60BB5E7AED99}.Biodeep|x64.ActiveCfg = Biodeep|x64
		{FECCE1FD-E1D4-49E3-A668-60BB5E7AED99}.Biodeep|x64.Build.0 = Biodeep|x64
		{FECCE1FD-E1D4-49E3-A668-60BB5E7AED99}.Biodeep|x86.ActiveCfg = Biodeep|x86
		{FECCE1FD-E1D4-49E3-A668-60BB5E7AED99}.Biodeep|x86.Build.0 = Biodeep|x86
		{FECCE1FD-E1D4-49E3-A668-60BB5E7AED99}.Biostack|Any CPU.ActiveCfg = Biostack|Any CPU
		{FECCE1FD-E1D4-49E3-A668-60BB5E7AED99}.Biostack|Any CPU.Build.0 = Biostack|Any CPU
		{FECCE1FD-E1D4-49E3-A668-60BB5E7AED99}.Biostack|x64.ActiveCfg = Biostack|x64
		{FECCE1FD-E1D4-49E3-A668-60BB5E7AED99}.Biostack|x64.Build.0 = Biostack|x64
		{FECCE1FD-E1D4-49E3-A668-60BB5E7AED99}.Biostack|x86.ActiveCfg = Biostack|x86
		{FECCE1FD-E1D4-49E3-A668-60BB5E7AED99}.Biostack|x86.Build.0 = Biostack|x86
		{FECCE1FD-E1D4-49E3-A668-60BB5E7AED99}.Biostack-Debug|Any CPU.ActiveCfg = Biostack-Debug|Any CPU
		{FECCE1FD-E1D4-49E3-A668-60BB5E7AED99}.Biostack-Debug|Any CPU.Build.0 = Biostack-Debug|Any CPU
		{FECCE1FD-E1D4-49E3-A668-60BB5E7AED99}.Biostack-Debug|x64.ActiveCfg = Biostack-Debug|x64
		{FECCE1FD-E1D4-49E3-A668-60BB5E7AED99}.Biostack-Debug|x64.Build.0 = Biostack-Debug|x64
		{FECCE1FD-E1D4-49E3-A668-60BB5E7AED99}.Biostack-Debug|x86.ActiveCfg = Biostack-Debug|x86
		{FECCE1FD-E1D4-49E3-A668-60BB5E7AED99}.Biostack-Debug|x86.Build.0 = Biostack-Debug|x86
		{FECCE1FD-E1D4-49E3-A668-60BB5E7AED99}.Debug|Any CPU.ActiveCfg = Debug|Any CPU
		{FECCE1FD-E1D4-49E3-A668-60BB5E7AED99}.Debug|Any CPU.Build.0 = Debug|Any CPU
		{FECCE1FD-E1D4-49E3-A668-60BB5E7AED99}.Debug|x64.ActiveCfg = Debug|x64
		{FECCE1FD-E1D4-49E3-A668-60BB5E7AED99}.Debug|x64.Build.0 = Debug|x64
		{FECCE1FD-E1D4-49E3-A668-60BB5E7AED99}.Debug|x86.ActiveCfg = Debug|x86
		{FECCE1FD-E1D4-49E3-A668-60BB5E7AED99}.Debug|x86.Build.0 = Debug|x86
		{FECCE1FD-E1D4-49E3-A668-60BB5E7AED99}.DEMO|Any CPU.ActiveCfg = DEMO|Any CPU
		{FECCE1FD-E1D4-49E3-A668-60BB5E7AED99}.DEMO|Any CPU.Build.0 = DEMO|Any CPU
		{FECCE1FD-E1D4-49E3-A668-60BB5E7AED99}.DEMO|x64.ActiveCfg = DEMO|x64
		{FECCE1FD-E1D4-49E3-A668-60BB5E7AED99}.DEMO|x64.Build.0 = DEMO|x64
		{FECCE1FD-E1D4-49E3-A668-60BB5E7AED99}.DEMO|x86.ActiveCfg = DEMO|x86
		{FECCE1FD-E1D4-49E3-A668-60BB5E7AED99}.DEMO|x86.Build.0 = DEMO|x86
		{FECCE1FD-E1D4-49E3-A668-60BB5E7AED99}.docs|Any CPU.ActiveCfg = docs|Any CPU
		{FECCE1FD-E1D4-49E3-A668-60BB5E7AED99}.docs|Any CPU.Build.0 = docs|Any CPU
		{FECCE1FD-E1D4-49E3-A668-60BB5E7AED99}.docs|x64.ActiveCfg = docs|x64
		{FECCE1FD-E1D4-49E3-A668-60BB5E7AED99}.docs|x64.Build.0 = docs|x64
		{FECCE1FD-E1D4-49E3-A668-60BB5E7AED99}.docs|x86.ActiveCfg = docs|x86
		{FECCE1FD-E1D4-49E3-A668-60BB5E7AED99}.docs|x86.Build.0 = docs|x86
		{FECCE1FD-E1D4-49E3-A668-60BB5E7AED99}.GCModeller(Release_X64)|Any CPU.ActiveCfg = GCModeller(Release_X64)|Any CPU
		{FECCE1FD-E1D4-49E3-A668-60BB5E7AED99}.GCModeller(Release_X64)|Any CPU.Build.0 = GCModeller(Release_X64)|Any CPU
		{FECCE1FD-E1D4-49E3-A668-60BB5E7AED99}.GCModeller(Release_X64)|x64.ActiveCfg = GCModeller(Release_X64)|x64
		{FECCE1FD-E1D4-49E3-A668-60BB5E7AED99}.GCModeller(Release_X64)|x64.Build.0 = GCModeller(Release_X64)|x64
		{FECCE1FD-E1D4-49E3-A668-60BB5E7AED99}.GCModeller(Release_X64)|x86.ActiveCfg = GCModeller(Release_X64)|x86
		{FECCE1FD-E1D4-49E3-A668-60BB5E7AED99}.GCModeller(Release_X64)|x86.Build.0 = GCModeller(Release_X64)|x86
		{FECCE1FD-E1D4-49E3-A668-60BB5E7AED99}.GCModeller(UNIX-Release_X64)|Any CPU.ActiveCfg = GCModeller(UNIX-Release_X64)|Any CPU
		{FECCE1FD-E1D4-49E3-A668-60BB5E7AED99}.GCModeller(UNIX-Release_X64)|Any CPU.Build.0 = GCModeller(UNIX-Release_X64)|Any CPU
		{FECCE1FD-E1D4-49E3-A668-60BB5E7AED99}.GCModeller(UNIX-Release_X64)|x64.ActiveCfg = GCModeller(UNIX-Release_X64)|x64
		{FECCE1FD-E1D4-49E3-A668-60BB5E7AED99}.GCModeller(UNIX-Release_X64)|x64.Build.0 = GCModeller(UNIX-Release_X64)|x64
		{FECCE1FD-E1D4-49E3-A668-60BB5E7AED99}.GCModeller(UNIX-Release_X64)|x86.ActiveCfg = GCModeller(UNIX-Release_X64)|x86
		{FECCE1FD-E1D4-49E3-A668-60BB5E7AED99}.GCModeller(UNIX-Release_X64)|x86.Build.0 = GCModeller(UNIX-Release_X64)|x86
		{FECCE1FD-E1D4-49E3-A668-60BB5E7AED99}.installer_x64|Any CPU.ActiveCfg = installer_x64|Any CPU
		{FECCE1FD-E1D4-49E3-A668-60BB5E7AED99}.installer_x64|Any CPU.Build.0 = installer_x64|Any CPU
		{FECCE1FD-E1D4-49E3-A668-60BB5E7AED99}.installer_x64|x64.ActiveCfg = installer_x64|x64
		{FECCE1FD-E1D4-49E3-A668-60BB5E7AED99}.installer_x64|x64.Build.0 = installer_x64|x64
		{FECCE1FD-E1D4-49E3-A668-60BB5E7AED99}.installer_x64|x86.ActiveCfg = installer_x64|x86
		{FECCE1FD-E1D4-49E3-A668-60BB5E7AED99}.installer_x64|x86.Build.0 = installer_x64|x86
		{FECCE1FD-E1D4-49E3-A668-60BB5E7AED99}.mysqli_X64_release|Any CPU.ActiveCfg = mysqli_X64_release|Any CPU
		{FECCE1FD-E1D4-49E3-A668-60BB5E7AED99}.mysqli_X64_release|Any CPU.Build.0 = mysqli_X64_release|Any CPU
		{FECCE1FD-E1D4-49E3-A668-60BB5E7AED99}.mysqli_X64_release|x64.ActiveCfg = mysqli_X64_release|x64
		{FECCE1FD-E1D4-49E3-A668-60BB5E7AED99}.mysqli_X64_release|x64.Build.0 = mysqli_X64_release|x64
		{FECCE1FD-E1D4-49E3-A668-60BB5E7AED99}.mysqli_X64_release|x86.ActiveCfg = mysqli_X64_release|x86
		{FECCE1FD-E1D4-49E3-A668-60BB5E7AED99}.mysqli_X64_release|x86.Build.0 = mysqli_X64_release|x86
		{FECCE1FD-E1D4-49E3-A668-60BB5E7AED99}.ProteoWizard.d|Any CPU.ActiveCfg = ProteoWizard.d|Any CPU
		{FECCE1FD-E1D4-49E3-A668-60BB5E7AED99}.ProteoWizard.d|Any CPU.Build.0 = ProteoWizard.d|Any CPU
		{FECCE1FD-E1D4-49E3-A668-60BB5E7AED99}.ProteoWizard.d|x64.ActiveCfg = ProteoWizard.d|x64
		{FECCE1FD-E1D4-49E3-A668-60BB5E7AED99}.ProteoWizard.d|x64.Build.0 = ProteoWizard.d|x64
		{FECCE1FD-E1D4-49E3-A668-60BB5E7AED99}.ProteoWizard.d|x86.ActiveCfg = ProteoWizard.d|x86
		{FECCE1FD-E1D4-49E3-A668-60BB5E7AED99}.ProteoWizard.d|x86.Build.0 = ProteoWizard.d|x86
		{FECCE1FD-E1D4-49E3-A668-60BB5E7AED99}.Publish|Any CPU.ActiveCfg = Publish|Any CPU
		{FECCE1FD-E1D4-49E3-A668-60BB5E7AED99}.Publish|Any CPU.Build.0 = Publish|Any CPU
		{FECCE1FD-E1D4-49E3-A668-60BB5E7AED99}.Publish|x64.ActiveCfg = Publish|x64
		{FECCE1FD-E1D4-49E3-A668-60BB5E7AED99}.Publish|x64.Build.0 = Publish|x64
		{FECCE1FD-E1D4-49E3-A668-60BB5E7AED99}.Publish|x86.ActiveCfg = Publish|x86
		{FECCE1FD-E1D4-49E3-A668-60BB5E7AED99}.Publish|x86.Build.0 = Publish|x86
		{FECCE1FD-E1D4-49E3-A668-60BB5E7AED99}.Release|Any CPU.ActiveCfg = Release|Any CPU
		{FECCE1FD-E1D4-49E3-A668-60BB5E7AED99}.Release|Any CPU.Build.0 = Release|Any CPU
		{FECCE1FD-E1D4-49E3-A668-60BB5E7AED99}.Release|x64.ActiveCfg = Release|x64
		{FECCE1FD-E1D4-49E3-A668-60BB5E7AED99}.Release|x64.Build.0 = Release|x64
		{FECCE1FD-E1D4-49E3-A668-60BB5E7AED99}.Release|x86.ActiveCfg = Release|x86
		{FECCE1FD-E1D4-49E3-A668-60BB5E7AED99}.Release|x86.Build.0 = Release|x86
		{FECCE1FD-E1D4-49E3-A668-60BB5E7AED99}.sciBASIC.NET-test-release|Any CPU.ActiveCfg = sciBASIC.NET-test-release|Any CPU
		{FECCE1FD-E1D4-49E3-A668-60BB5E7AED99}.sciBASIC.NET-test-release|Any CPU.Build.0 = sciBASIC.NET-test-release|Any CPU
		{FECCE1FD-E1D4-49E3-A668-60BB5E7AED99}.sciBASIC.NET-test-release|x64.ActiveCfg = sciBASIC.NET-test-release|x64
		{FECCE1FD-E1D4-49E3-A668-60BB5E7AED99}.sciBASIC.NET-test-release|x64.Build.0 = sciBASIC.NET-test-release|x64
		{FECCE1FD-E1D4-49E3-A668-60BB5E7AED99}.sciBASIC.NET-test-release|x86.ActiveCfg = sciBASIC.NET-test-release|x86
		{FECCE1FD-E1D4-49E3-A668-60BB5E7AED99}.sciBASIC.NET-test-release|x86.Build.0 = sciBASIC.NET-test-release|x86
		{FECCE1FD-E1D4-49E3-A668-60BB5E7AED99}.Surveillance-of-infectious-diseases|Any CPU.ActiveCfg = Surveillance-of-infectious-diseases|Any CPU
		{FECCE1FD-E1D4-49E3-A668-60BB5E7AED99}.Surveillance-of-infectious-diseases|Any CPU.Build.0 = Surveillance-of-infectious-diseases|Any CPU
		{FECCE1FD-E1D4-49E3-A668-60BB5E7AED99}.Surveillance-of-infectious-diseases|x64.ActiveCfg = Surveillance-of-infectious-diseases|x64
		{FECCE1FD-E1D4-49E3-A668-60BB5E7AED99}.Surveillance-of-infectious-diseases|x64.Build.0 = Surveillance-of-infectious-diseases|x64
		{FECCE1FD-E1D4-49E3-A668-60BB5E7AED99}.Surveillance-of-infectious-diseases|x86.ActiveCfg = Surveillance-of-infectious-diseases|x86
		{FECCE1FD-E1D4-49E3-A668-60BB5E7AED99}.Surveillance-of-infectious-diseases|x86.Build.0 = Surveillance-of-infectious-diseases|x86
		{FECCE1FD-E1D4-49E3-A668-60BB5E7AED99}.Yilia-Release_x64|Any CPU.ActiveCfg = Yilia-Release_x64|Any CPU
		{FECCE1FD-E1D4-49E3-A668-60BB5E7AED99}.Yilia-Release_x64|Any CPU.Build.0 = Yilia-Release_x64|Any CPU
		{FECCE1FD-E1D4-49E3-A668-60BB5E7AED99}.Yilia-Release_x64|x64.ActiveCfg = Yilia-Release_x64|x64
		{FECCE1FD-E1D4-49E3-A668-60BB5E7AED99}.Yilia-Release_x64|x64.Build.0 = Yilia-Release_x64|x64
		{FECCE1FD-E1D4-49E3-A668-60BB5E7AED99}.Yilia-Release_x64|x86.ActiveCfg = Yilia-Release_x64|x86
		{FECCE1FD-E1D4-49E3-A668-60BB5E7AED99}.Yilia-Release_x64|x86.Build.0 = Yilia-Release_x64|x86
		{2DD4BE80-DDC3-4767-94A7-10F1C3395716}.Biodeep_UNIX_x64|Any CPU.ActiveCfg = Biodeep_UNIX_x64|Any CPU
		{2DD4BE80-DDC3-4767-94A7-10F1C3395716}.Biodeep_UNIX_x64|Any CPU.Build.0 = Biodeep_UNIX_x64|Any CPU
		{2DD4BE80-DDC3-4767-94A7-10F1C3395716}.Biodeep_UNIX_x64|x64.ActiveCfg = Biodeep_UNIX_x64|x64
		{2DD4BE80-DDC3-4767-94A7-10F1C3395716}.Biodeep_UNIX_x64|x64.Build.0 = Biodeep_UNIX_x64|x64
		{2DD4BE80-DDC3-4767-94A7-10F1C3395716}.Biodeep_UNIX_x64|x86.ActiveCfg = Biodeep_UNIX_x64|x86
		{2DD4BE80-DDC3-4767-94A7-10F1C3395716}.Biodeep_UNIX_x64|x86.Build.0 = Biodeep_UNIX_x64|x86
		{2DD4BE80-DDC3-4767-94A7-10F1C3395716}.Biodeep|Any CPU.ActiveCfg = Biodeep|Any CPU
		{2DD4BE80-DDC3-4767-94A7-10F1C3395716}.Biodeep|Any CPU.Build.0 = Biodeep|Any CPU
		{2DD4BE80-DDC3-4767-94A7-10F1C3395716}.Biodeep|x64.ActiveCfg = Biodeep|x64
		{2DD4BE80-DDC3-4767-94A7-10F1C3395716}.Biodeep|x64.Build.0 = Biodeep|x64
		{2DD4BE80-DDC3-4767-94A7-10F1C3395716}.Biodeep|x86.ActiveCfg = Biodeep|x86
		{2DD4BE80-DDC3-4767-94A7-10F1C3395716}.Biodeep|x86.Build.0 = Biodeep|x86
		{2DD4BE80-DDC3-4767-94A7-10F1C3395716}.Biostack|Any CPU.ActiveCfg = Biodeep_UNIX_x64|Any CPU
		{2DD4BE80-DDC3-4767-94A7-10F1C3395716}.Biostack|Any CPU.Build.0 = Biodeep_UNIX_x64|Any CPU
		{2DD4BE80-DDC3-4767-94A7-10F1C3395716}.Biostack|x64.ActiveCfg = Biodeep_UNIX_x64|x64
		{2DD4BE80-DDC3-4767-94A7-10F1C3395716}.Biostack|x64.Build.0 = Biodeep_UNIX_x64|x64
		{2DD4BE80-DDC3-4767-94A7-10F1C3395716}.Biostack|x86.ActiveCfg = Biodeep_UNIX_x64|x86
		{2DD4BE80-DDC3-4767-94A7-10F1C3395716}.Biostack|x86.Build.0 = Biodeep_UNIX_x64|x86
		{2DD4BE80-DDC3-4767-94A7-10F1C3395716}.Biostack-Debug|Any CPU.ActiveCfg = Debug|Any CPU
		{2DD4BE80-DDC3-4767-94A7-10F1C3395716}.Biostack-Debug|Any CPU.Build.0 = Debug|Any CPU
		{2DD4BE80-DDC3-4767-94A7-10F1C3395716}.Biostack-Debug|x64.ActiveCfg = Debug|x64
		{2DD4BE80-DDC3-4767-94A7-10F1C3395716}.Biostack-Debug|x64.Build.0 = Debug|x64
		{2DD4BE80-DDC3-4767-94A7-10F1C3395716}.Biostack-Debug|x86.ActiveCfg = Debug|x86
		{2DD4BE80-DDC3-4767-94A7-10F1C3395716}.Biostack-Debug|x86.Build.0 = Debug|x86
		{2DD4BE80-DDC3-4767-94A7-10F1C3395716}.Debug|Any CPU.ActiveCfg = Debug|Any CPU
		{2DD4BE80-DDC3-4767-94A7-10F1C3395716}.Debug|Any CPU.Build.0 = Debug|Any CPU
		{2DD4BE80-DDC3-4767-94A7-10F1C3395716}.Debug|x64.ActiveCfg = Debug|x64
		{2DD4BE80-DDC3-4767-94A7-10F1C3395716}.Debug|x64.Build.0 = Debug|x64
		{2DD4BE80-DDC3-4767-94A7-10F1C3395716}.Debug|x86.ActiveCfg = Debug|x86
		{2DD4BE80-DDC3-4767-94A7-10F1C3395716}.Debug|x86.Build.0 = Debug|x86
		{2DD4BE80-DDC3-4767-94A7-10F1C3395716}.DEMO|Any CPU.ActiveCfg = Debug|Any CPU
		{2DD4BE80-DDC3-4767-94A7-10F1C3395716}.DEMO|Any CPU.Build.0 = Debug|Any CPU
		{2DD4BE80-DDC3-4767-94A7-10F1C3395716}.DEMO|x64.ActiveCfg = Debug|x64
		{2DD4BE80-DDC3-4767-94A7-10F1C3395716}.DEMO|x64.Build.0 = Debug|x64
		{2DD4BE80-DDC3-4767-94A7-10F1C3395716}.DEMO|x86.ActiveCfg = Debug|x86
		{2DD4BE80-DDC3-4767-94A7-10F1C3395716}.DEMO|x86.Build.0 = Debug|x86
		{2DD4BE80-DDC3-4767-94A7-10F1C3395716}.docs|Any CPU.ActiveCfg = docs|Any CPU
		{2DD4BE80-DDC3-4767-94A7-10F1C3395716}.docs|Any CPU.Build.0 = docs|Any CPU
		{2DD4BE80-DDC3-4767-94A7-10F1C3395716}.docs|x64.ActiveCfg = docs|x64
		{2DD4BE80-DDC3-4767-94A7-10F1C3395716}.docs|x64.Build.0 = docs|x64
		{2DD4BE80-DDC3-4767-94A7-10F1C3395716}.docs|x86.ActiveCfg = docs|x86
		{2DD4BE80-DDC3-4767-94A7-10F1C3395716}.docs|x86.Build.0 = docs|x86
		{2DD4BE80-DDC3-4767-94A7-10F1C3395716}.GCModeller(Release_X64)|Any CPU.ActiveCfg = GCModeller(Release_X64)|Any CPU
		{2DD4BE80-DDC3-4767-94A7-10F1C3395716}.GCModeller(Release_X64)|Any CPU.Build.0 = GCModeller(Release_X64)|Any CPU
		{2DD4BE80-DDC3-4767-94A7-10F1C3395716}.GCModeller(Release_X64)|x64.ActiveCfg = GCModeller(Release_X64)|x64
		{2DD4BE80-DDC3-4767-94A7-10F1C3395716}.GCModeller(Release_X64)|x64.Build.0 = GCModeller(Release_X64)|x64
		{2DD4BE80-DDC3-4767-94A7-10F1C3395716}.GCModeller(Release_X64)|x86.ActiveCfg = GCModeller(Release_X64)|x86
		{2DD4BE80-DDC3-4767-94A7-10F1C3395716}.GCModeller(Release_X64)|x86.Build.0 = GCModeller(Release_X64)|x86
		{2DD4BE80-DDC3-4767-94A7-10F1C3395716}.GCModeller(UNIX-Release_X64)|Any CPU.ActiveCfg = GCModeller(UNIX-Release_X64)|Any CPU
		{2DD4BE80-DDC3-4767-94A7-10F1C3395716}.GCModeller(UNIX-Release_X64)|Any CPU.Build.0 = GCModeller(UNIX-Release_X64)|Any CPU
		{2DD4BE80-DDC3-4767-94A7-10F1C3395716}.GCModeller(UNIX-Release_X64)|x64.ActiveCfg = GCModeller(UNIX-Release_X64)|x64
		{2DD4BE80-DDC3-4767-94A7-10F1C3395716}.GCModeller(UNIX-Release_X64)|x64.Build.0 = GCModeller(UNIX-Release_X64)|x64
		{2DD4BE80-DDC3-4767-94A7-10F1C3395716}.GCModeller(UNIX-Release_X64)|x86.ActiveCfg = GCModeller(UNIX-Release_X64)|x86
		{2DD4BE80-DDC3-4767-94A7-10F1C3395716}.GCModeller(UNIX-Release_X64)|x86.Build.0 = GCModeller(UNIX-Release_X64)|x86
		{2DD4BE80-DDC3-4767-94A7-10F1C3395716}.installer_x64|Any CPU.ActiveCfg = installer_x64|Any CPU
		{2DD4BE80-DDC3-4767-94A7-10F1C3395716}.installer_x64|Any CPU.Build.0 = installer_x64|Any CPU
		{2DD4BE80-DDC3-4767-94A7-10F1C3395716}.installer_x64|x64.ActiveCfg = installer_x64|x64
		{2DD4BE80-DDC3-4767-94A7-10F1C3395716}.installer_x64|x64.Build.0 = installer_x64|x64
		{2DD4BE80-DDC3-4767-94A7-10F1C3395716}.installer_x64|x86.ActiveCfg = installer_x64|x86
		{2DD4BE80-DDC3-4767-94A7-10F1C3395716}.installer_x64|x86.Build.0 = installer_x64|x86
		{2DD4BE80-DDC3-4767-94A7-10F1C3395716}.mysqli_X64_release|Any CPU.ActiveCfg = mysqli_X64_release|Any CPU
		{2DD4BE80-DDC3-4767-94A7-10F1C3395716}.mysqli_X64_release|Any CPU.Build.0 = mysqli_X64_release|Any CPU
		{2DD4BE80-DDC3-4767-94A7-10F1C3395716}.mysqli_X64_release|x64.ActiveCfg = mysqli_X64_release|x64
		{2DD4BE80-DDC3-4767-94A7-10F1C3395716}.mysqli_X64_release|x64.Build.0 = mysqli_X64_release|x64
		{2DD4BE80-DDC3-4767-94A7-10F1C3395716}.mysqli_X64_release|x86.ActiveCfg = mysqli_X64_release|x86
		{2DD4BE80-DDC3-4767-94A7-10F1C3395716}.mysqli_X64_release|x86.Build.0 = mysqli_X64_release|x86
		{2DD4BE80-DDC3-4767-94A7-10F1C3395716}.ProteoWizard.d|Any CPU.ActiveCfg = Publish|Any CPU
		{2DD4BE80-DDC3-4767-94A7-10F1C3395716}.ProteoWizard.d|Any CPU.Build.0 = Publish|Any CPU
		{2DD4BE80-DDC3-4767-94A7-10F1C3395716}.ProteoWizard.d|x64.ActiveCfg = Publish|x64
		{2DD4BE80-DDC3-4767-94A7-10F1C3395716}.ProteoWizard.d|x64.Build.0 = Publish|x64
		{2DD4BE80-DDC3-4767-94A7-10F1C3395716}.ProteoWizard.d|x86.ActiveCfg = Publish|x86
		{2DD4BE80-DDC3-4767-94A7-10F1C3395716}.ProteoWizard.d|x86.Build.0 = Publish|x86
		{2DD4BE80-DDC3-4767-94A7-10F1C3395716}.Publish|Any CPU.ActiveCfg = Publish|Any CPU
		{2DD4BE80-DDC3-4767-94A7-10F1C3395716}.Publish|Any CPU.Build.0 = Publish|Any CPU
		{2DD4BE80-DDC3-4767-94A7-10F1C3395716}.Publish|x64.ActiveCfg = Publish|x64
		{2DD4BE80-DDC3-4767-94A7-10F1C3395716}.Publish|x64.Build.0 = Publish|x64
		{2DD4BE80-DDC3-4767-94A7-10F1C3395716}.Publish|x86.ActiveCfg = Publish|x86
		{2DD4BE80-DDC3-4767-94A7-10F1C3395716}.Publish|x86.Build.0 = Publish|x86
		{2DD4BE80-DDC3-4767-94A7-10F1C3395716}.Release|Any CPU.ActiveCfg = Release|Any CPU
		{2DD4BE80-DDC3-4767-94A7-10F1C3395716}.Release|Any CPU.Build.0 = Release|Any CPU
		{2DD4BE80-DDC3-4767-94A7-10F1C3395716}.Release|x64.ActiveCfg = Release|x64
		{2DD4BE80-DDC3-4767-94A7-10F1C3395716}.Release|x64.Build.0 = Release|x64
		{2DD4BE80-DDC3-4767-94A7-10F1C3395716}.Release|x86.ActiveCfg = Release|x86
		{2DD4BE80-DDC3-4767-94A7-10F1C3395716}.Release|x86.Build.0 = Release|x86
		{2DD4BE80-DDC3-4767-94A7-10F1C3395716}.sciBASIC.NET-test-release|Any CPU.ActiveCfg = Surveillance-of-infectious-diseases|Any CPU
		{2DD4BE80-DDC3-4767-94A7-10F1C3395716}.sciBASIC.NET-test-release|Any CPU.Build.0 = Surveillance-of-infectious-diseases|Any CPU
		{2DD4BE80-DDC3-4767-94A7-10F1C3395716}.sciBASIC.NET-test-release|x64.ActiveCfg = Surveillance-of-infectious-diseases|x64
		{2DD4BE80-DDC3-4767-94A7-10F1C3395716}.sciBASIC.NET-test-release|x64.Build.0 = Surveillance-of-infectious-diseases|x64
		{2DD4BE80-DDC3-4767-94A7-10F1C3395716}.sciBASIC.NET-test-release|x86.ActiveCfg = Surveillance-of-infectious-diseases|x86
		{2DD4BE80-DDC3-4767-94A7-10F1C3395716}.sciBASIC.NET-test-release|x86.Build.0 = Surveillance-of-infectious-diseases|x86
		{2DD4BE80-DDC3-4767-94A7-10F1C3395716}.Surveillance-of-infectious-diseases|Any CPU.ActiveCfg = Surveillance-of-infectious-diseases|Any CPU
		{2DD4BE80-DDC3-4767-94A7-10F1C3395716}.Surveillance-of-infectious-diseases|Any CPU.Build.0 = Surveillance-of-infectious-diseases|Any CPU
		{2DD4BE80-DDC3-4767-94A7-10F1C3395716}.Surveillance-of-infectious-diseases|x64.ActiveCfg = Surveillance-of-infectious-diseases|x64
		{2DD4BE80-DDC3-4767-94A7-10F1C3395716}.Surveillance-of-infectious-diseases|x64.Build.0 = Surveillance-of-infectious-diseases|x64
		{2DD4BE80-DDC3-4767-94A7-10F1C3395716}.Surveillance-of-infectious-diseases|x86.ActiveCfg = Surveillance-of-infectious-diseases|x86
		{2DD4BE80-DDC3-4767-94A7-10F1C3395716}.Surveillance-of-infectious-diseases|x86.Build.0 = Surveillance-of-infectious-diseases|x86
		{2DD4BE80-DDC3-4767-94A7-10F1C3395716}.Yilia-Release_x64|Any CPU.ActiveCfg = Yilia-Release_x64|Any CPU
		{2DD4BE80-DDC3-4767-94A7-10F1C3395716}.Yilia-Release_x64|Any CPU.Build.0 = Yilia-Release_x64|Any CPU
		{2DD4BE80-DDC3-4767-94A7-10F1C3395716}.Yilia-Release_x64|x64.ActiveCfg = Yilia-Release_x64|x64
		{2DD4BE80-DDC3-4767-94A7-10F1C3395716}.Yilia-Release_x64|x64.Build.0 = Yilia-Release_x64|x64
		{2DD4BE80-DDC3-4767-94A7-10F1C3395716}.Yilia-Release_x64|x86.ActiveCfg = Yilia-Release_x64|x86
		{2DD4BE80-DDC3-4767-94A7-10F1C3395716}.Yilia-Release_x64|x86.Build.0 = Yilia-Release_x64|x86
		{2C34A044-1BDE-44E8-A86E-E9971C87DA21}.Biodeep_UNIX_x64|Any CPU.ActiveCfg = Biodeep_UNIX_x64|Any CPU
		{2C34A044-1BDE-44E8-A86E-E9971C87DA21}.Biodeep_UNIX_x64|Any CPU.Build.0 = Biodeep_UNIX_x64|Any CPU
		{2C34A044-1BDE-44E8-A86E-E9971C87DA21}.Biodeep_UNIX_x64|x64.ActiveCfg = Biodeep_UNIX_x64|x64
		{2C34A044-1BDE-44E8-A86E-E9971C87DA21}.Biodeep_UNIX_x64|x64.Build.0 = Biodeep_UNIX_x64|x64
		{2C34A044-1BDE-44E8-A86E-E9971C87DA21}.Biodeep_UNIX_x64|x86.ActiveCfg = Biodeep_UNIX_x64|x86
		{2C34A044-1BDE-44E8-A86E-E9971C87DA21}.Biodeep_UNIX_x64|x86.Build.0 = Biodeep_UNIX_x64|x86
		{2C34A044-1BDE-44E8-A86E-E9971C87DA21}.Biodeep|Any CPU.ActiveCfg = Biodeep|Any CPU
		{2C34A044-1BDE-44E8-A86E-E9971C87DA21}.Biodeep|Any CPU.Build.0 = Biodeep|Any CPU
		{2C34A044-1BDE-44E8-A86E-E9971C87DA21}.Biodeep|x64.ActiveCfg = Biodeep|x64
		{2C34A044-1BDE-44E8-A86E-E9971C87DA21}.Biodeep|x64.Build.0 = Biodeep|x64
		{2C34A044-1BDE-44E8-A86E-E9971C87DA21}.Biodeep|x86.ActiveCfg = Biodeep|x86
		{2C34A044-1BDE-44E8-A86E-E9971C87DA21}.Biodeep|x86.Build.0 = Biodeep|x86
		{2C34A044-1BDE-44E8-A86E-E9971C87DA21}.Biostack|Any CPU.ActiveCfg = Biostack|Any CPU
		{2C34A044-1BDE-44E8-A86E-E9971C87DA21}.Biostack|Any CPU.Build.0 = Biostack|Any CPU
		{2C34A044-1BDE-44E8-A86E-E9971C87DA21}.Biostack|x64.ActiveCfg = Biostack|x64
		{2C34A044-1BDE-44E8-A86E-E9971C87DA21}.Biostack|x64.Build.0 = Biostack|x64
		{2C34A044-1BDE-44E8-A86E-E9971C87DA21}.Biostack|x86.ActiveCfg = Biostack|x86
		{2C34A044-1BDE-44E8-A86E-E9971C87DA21}.Biostack|x86.Build.0 = Biostack|x86
		{2C34A044-1BDE-44E8-A86E-E9971C87DA21}.Biostack-Debug|Any CPU.ActiveCfg = Biostack-Debug|Any CPU
		{2C34A044-1BDE-44E8-A86E-E9971C87DA21}.Biostack-Debug|Any CPU.Build.0 = Biostack-Debug|Any CPU
		{2C34A044-1BDE-44E8-A86E-E9971C87DA21}.Biostack-Debug|x64.ActiveCfg = Biostack-Debug|x64
		{2C34A044-1BDE-44E8-A86E-E9971C87DA21}.Biostack-Debug|x64.Build.0 = Biostack-Debug|x64
		{2C34A044-1BDE-44E8-A86E-E9971C87DA21}.Biostack-Debug|x86.ActiveCfg = Biostack-Debug|x86
		{2C34A044-1BDE-44E8-A86E-E9971C87DA21}.Biostack-Debug|x86.Build.0 = Biostack-Debug|x86
		{2C34A044-1BDE-44E8-A86E-E9971C87DA21}.Debug|Any CPU.ActiveCfg = Debug|Any CPU
		{2C34A044-1BDE-44E8-A86E-E9971C87DA21}.Debug|Any CPU.Build.0 = Debug|Any CPU
		{2C34A044-1BDE-44E8-A86E-E9971C87DA21}.Debug|x64.ActiveCfg = Debug|x64
		{2C34A044-1BDE-44E8-A86E-E9971C87DA21}.Debug|x64.Build.0 = Debug|x64
		{2C34A044-1BDE-44E8-A86E-E9971C87DA21}.Debug|x86.ActiveCfg = Debug|x86
		{2C34A044-1BDE-44E8-A86E-E9971C87DA21}.Debug|x86.Build.0 = Debug|x86
		{2C34A044-1BDE-44E8-A86E-E9971C87DA21}.DEMO|Any CPU.ActiveCfg = Debug|Any CPU
		{2C34A044-1BDE-44E8-A86E-E9971C87DA21}.DEMO|Any CPU.Build.0 = Debug|Any CPU
		{2C34A044-1BDE-44E8-A86E-E9971C87DA21}.DEMO|x64.ActiveCfg = Debug|x64
		{2C34A044-1BDE-44E8-A86E-E9971C87DA21}.DEMO|x64.Build.0 = Debug|x64
		{2C34A044-1BDE-44E8-A86E-E9971C87DA21}.DEMO|x86.ActiveCfg = Debug|x86
		{2C34A044-1BDE-44E8-A86E-E9971C87DA21}.DEMO|x86.Build.0 = Debug|x86
		{2C34A044-1BDE-44E8-A86E-E9971C87DA21}.docs|Any CPU.ActiveCfg = docs|Any CPU
		{2C34A044-1BDE-44E8-A86E-E9971C87DA21}.docs|Any CPU.Build.0 = docs|Any CPU
		{2C34A044-1BDE-44E8-A86E-E9971C87DA21}.docs|x64.ActiveCfg = docs|x64
		{2C34A044-1BDE-44E8-A86E-E9971C87DA21}.docs|x64.Build.0 = docs|x64
		{2C34A044-1BDE-44E8-A86E-E9971C87DA21}.docs|x86.ActiveCfg = docs|x86
		{2C34A044-1BDE-44E8-A86E-E9971C87DA21}.docs|x86.Build.0 = docs|x86
		{2C34A044-1BDE-44E8-A86E-E9971C87DA21}.GCModeller(Release_X64)|Any CPU.ActiveCfg = GCModeller(Release_X64)|Any CPU
		{2C34A044-1BDE-44E8-A86E-E9971C87DA21}.GCModeller(Release_X64)|Any CPU.Build.0 = GCModeller(Release_X64)|Any CPU
		{2C34A044-1BDE-44E8-A86E-E9971C87DA21}.GCModeller(Release_X64)|x64.ActiveCfg = GCModeller(Release_X64)|x64
		{2C34A044-1BDE-44E8-A86E-E9971C87DA21}.GCModeller(Release_X64)|x64.Build.0 = GCModeller(Release_X64)|x64
		{2C34A044-1BDE-44E8-A86E-E9971C87DA21}.GCModeller(Release_X64)|x86.ActiveCfg = GCModeller(Release_X64)|x86
		{2C34A044-1BDE-44E8-A86E-E9971C87DA21}.GCModeller(Release_X64)|x86.Build.0 = GCModeller(Release_X64)|x86
		{2C34A044-1BDE-44E8-A86E-E9971C87DA21}.GCModeller(UNIX-Release_X64)|Any CPU.ActiveCfg = GCModeller(UNIX-Release_X64)|Any CPU
		{2C34A044-1BDE-44E8-A86E-E9971C87DA21}.GCModeller(UNIX-Release_X64)|Any CPU.Build.0 = GCModeller(UNIX-Release_X64)|Any CPU
		{2C34A044-1BDE-44E8-A86E-E9971C87DA21}.GCModeller(UNIX-Release_X64)|x64.ActiveCfg = GCModeller(UNIX-Release_X64)|x64
		{2C34A044-1BDE-44E8-A86E-E9971C87DA21}.GCModeller(UNIX-Release_X64)|x64.Build.0 = GCModeller(UNIX-Release_X64)|x64
		{2C34A044-1BDE-44E8-A86E-E9971C87DA21}.GCModeller(UNIX-Release_X64)|x86.ActiveCfg = GCModeller(UNIX-Release_X64)|x86
		{2C34A044-1BDE-44E8-A86E-E9971C87DA21}.GCModeller(UNIX-Release_X64)|x86.Build.0 = GCModeller(UNIX-Release_X64)|x86
		{2C34A044-1BDE-44E8-A86E-E9971C87DA21}.installer_x64|Any CPU.ActiveCfg = Biostack|Any CPU
		{2C34A044-1BDE-44E8-A86E-E9971C87DA21}.installer_x64|Any CPU.Build.0 = Biostack|Any CPU
		{2C34A044-1BDE-44E8-A86E-E9971C87DA21}.installer_x64|x64.ActiveCfg = Biostack|x64
		{2C34A044-1BDE-44E8-A86E-E9971C87DA21}.installer_x64|x64.Build.0 = Biostack|x64
		{2C34A044-1BDE-44E8-A86E-E9971C87DA21}.installer_x64|x86.ActiveCfg = Biostack|x86
		{2C34A044-1BDE-44E8-A86E-E9971C87DA21}.installer_x64|x86.Build.0 = Biostack|x86
		{2C34A044-1BDE-44E8-A86E-E9971C87DA21}.mysqli_X64_release|Any CPU.ActiveCfg = mysqli_X64_release|Any CPU
		{2C34A044-1BDE-44E8-A86E-E9971C87DA21}.mysqli_X64_release|Any CPU.Build.0 = mysqli_X64_release|Any CPU
		{2C34A044-1BDE-44E8-A86E-E9971C87DA21}.mysqli_X64_release|x64.ActiveCfg = mysqli_X64_release|x64
		{2C34A044-1BDE-44E8-A86E-E9971C87DA21}.mysqli_X64_release|x64.Build.0 = mysqli_X64_release|x64
		{2C34A044-1BDE-44E8-A86E-E9971C87DA21}.mysqli_X64_release|x86.ActiveCfg = mysqli_X64_release|x86
		{2C34A044-1BDE-44E8-A86E-E9971C87DA21}.mysqli_X64_release|x86.Build.0 = mysqli_X64_release|x86
		{2C34A044-1BDE-44E8-A86E-E9971C87DA21}.ProteoWizard.d|Any CPU.ActiveCfg = Publish|Any CPU
		{2C34A044-1BDE-44E8-A86E-E9971C87DA21}.ProteoWizard.d|Any CPU.Build.0 = Publish|Any CPU
		{2C34A044-1BDE-44E8-A86E-E9971C87DA21}.ProteoWizard.d|x64.ActiveCfg = Publish|x64
		{2C34A044-1BDE-44E8-A86E-E9971C87DA21}.ProteoWizard.d|x64.Build.0 = Publish|x64
		{2C34A044-1BDE-44E8-A86E-E9971C87DA21}.ProteoWizard.d|x86.ActiveCfg = Publish|x86
		{2C34A044-1BDE-44E8-A86E-E9971C87DA21}.ProteoWizard.d|x86.Build.0 = Publish|x86
		{2C34A044-1BDE-44E8-A86E-E9971C87DA21}.Publish|Any CPU.ActiveCfg = Publish|Any CPU
		{2C34A044-1BDE-44E8-A86E-E9971C87DA21}.Publish|Any CPU.Build.0 = Publish|Any CPU
		{2C34A044-1BDE-44E8-A86E-E9971C87DA21}.Publish|x64.ActiveCfg = Publish|x64
		{2C34A044-1BDE-44E8-A86E-E9971C87DA21}.Publish|x64.Build.0 = Publish|x64
		{2C34A044-1BDE-44E8-A86E-E9971C87DA21}.Publish|x86.ActiveCfg = Publish|x86
		{2C34A044-1BDE-44E8-A86E-E9971C87DA21}.Publish|x86.Build.0 = Publish|x86
		{2C34A044-1BDE-44E8-A86E-E9971C87DA21}.Release|Any CPU.ActiveCfg = Release|Any CPU
		{2C34A044-1BDE-44E8-A86E-E9971C87DA21}.Release|Any CPU.Build.0 = Release|Any CPU
		{2C34A044-1BDE-44E8-A86E-E9971C87DA21}.Release|x64.ActiveCfg = Release|x64
		{2C34A044-1BDE-44E8-A86E-E9971C87DA21}.Release|x64.Build.0 = Release|x64
		{2C34A044-1BDE-44E8-A86E-E9971C87DA21}.Release|x86.ActiveCfg = Release|x86
		{2C34A044-1BDE-44E8-A86E-E9971C87DA21}.Release|x86.Build.0 = Release|x86
		{2C34A044-1BDE-44E8-A86E-E9971C87DA21}.sciBASIC.NET-test-release|Any CPU.ActiveCfg = Surveillance-of-infectious-diseases|Any CPU
		{2C34A044-1BDE-44E8-A86E-E9971C87DA21}.sciBASIC.NET-test-release|Any CPU.Build.0 = Surveillance-of-infectious-diseases|Any CPU
		{2C34A044-1BDE-44E8-A86E-E9971C87DA21}.sciBASIC.NET-test-release|x64.ActiveCfg = Surveillance-of-infectious-diseases|x64
		{2C34A044-1BDE-44E8-A86E-E9971C87DA21}.sciBASIC.NET-test-release|x64.Build.0 = Surveillance-of-infectious-diseases|x64
		{2C34A044-1BDE-44E8-A86E-E9971C87DA21}.sciBASIC.NET-test-release|x86.ActiveCfg = Surveillance-of-infectious-diseases|x86
		{2C34A044-1BDE-44E8-A86E-E9971C87DA21}.sciBASIC.NET-test-release|x86.Build.0 = Surveillance-of-infectious-diseases|x86
		{2C34A044-1BDE-44E8-A86E-E9971C87DA21}.Surveillance-of-infectious-diseases|Any CPU.ActiveCfg = Surveillance-of-infectious-diseases|Any CPU
		{2C34A044-1BDE-44E8-A86E-E9971C87DA21}.Surveillance-of-infectious-diseases|Any CPU.Build.0 = Surveillance-of-infectious-diseases|Any CPU
		{2C34A044-1BDE-44E8-A86E-E9971C87DA21}.Surveillance-of-infectious-diseases|x64.ActiveCfg = Surveillance-of-infectious-diseases|x64
		{2C34A044-1BDE-44E8-A86E-E9971C87DA21}.Surveillance-of-infectious-diseases|x64.Build.0 = Surveillance-of-infectious-diseases|x64
		{2C34A044-1BDE-44E8-A86E-E9971C87DA21}.Surveillance-of-infectious-diseases|x86.ActiveCfg = Surveillance-of-infectious-diseases|x86
		{2C34A044-1BDE-44E8-A86E-E9971C87DA21}.Surveillance-of-infectious-diseases|x86.Build.0 = Surveillance-of-infectious-diseases|x86
		{2C34A044-1BDE-44E8-A86E-E9971C87DA21}.Yilia-Release_x64|Any CPU.ActiveCfg = Release|Any CPU
		{2C34A044-1BDE-44E8-A86E-E9971C87DA21}.Yilia-Release_x64|Any CPU.Build.0 = Release|Any CPU
		{2C34A044-1BDE-44E8-A86E-E9971C87DA21}.Yilia-Release_x64|x64.ActiveCfg = Release|x64
		{2C34A044-1BDE-44E8-A86E-E9971C87DA21}.Yilia-Release_x64|x64.Build.0 = Release|x64
		{2C34A044-1BDE-44E8-A86E-E9971C87DA21}.Yilia-Release_x64|x86.ActiveCfg = Release|x86
		{2C34A044-1BDE-44E8-A86E-E9971C87DA21}.Yilia-Release_x64|x86.Build.0 = Release|x86
		{6FBB3D95-4D76-42B8-A991-A4BEED9831BC}.Biodeep_UNIX_x64|Any CPU.ActiveCfg = Biodeep|Any CPU
		{6FBB3D95-4D76-42B8-A991-A4BEED9831BC}.Biodeep_UNIX_x64|Any CPU.Build.0 = Biodeep|Any CPU
		{6FBB3D95-4D76-42B8-A991-A4BEED9831BC}.Biodeep_UNIX_x64|x64.ActiveCfg = Biodeep|x64
		{6FBB3D95-4D76-42B8-A991-A4BEED9831BC}.Biodeep_UNIX_x64|x64.Build.0 = Biodeep|x64
		{6FBB3D95-4D76-42B8-A991-A4BEED9831BC}.Biodeep_UNIX_x64|x86.ActiveCfg = Biodeep|x86
		{6FBB3D95-4D76-42B8-A991-A4BEED9831BC}.Biodeep_UNIX_x64|x86.Build.0 = Biodeep|x86
		{6FBB3D95-4D76-42B8-A991-A4BEED9831BC}.Biodeep|Any CPU.ActiveCfg = Biodeep|Any CPU
		{6FBB3D95-4D76-42B8-A991-A4BEED9831BC}.Biodeep|Any CPU.Build.0 = Biodeep|Any CPU
		{6FBB3D95-4D76-42B8-A991-A4BEED9831BC}.Biodeep|x64.ActiveCfg = Biodeep|x64
		{6FBB3D95-4D76-42B8-A991-A4BEED9831BC}.Biodeep|x64.Build.0 = Biodeep|x64
		{6FBB3D95-4D76-42B8-A991-A4BEED9831BC}.Biodeep|x86.ActiveCfg = Biodeep|x86
		{6FBB3D95-4D76-42B8-A991-A4BEED9831BC}.Biodeep|x86.Build.0 = Biodeep|x86
		{6FBB3D95-4D76-42B8-A991-A4BEED9831BC}.Biostack|Any CPU.ActiveCfg = Biodeep|Any CPU
		{6FBB3D95-4D76-42B8-A991-A4BEED9831BC}.Biostack|Any CPU.Build.0 = Biodeep|Any CPU
		{6FBB3D95-4D76-42B8-A991-A4BEED9831BC}.Biostack|x64.ActiveCfg = Biodeep|x64
		{6FBB3D95-4D76-42B8-A991-A4BEED9831BC}.Biostack|x64.Build.0 = Biodeep|x64
		{6FBB3D95-4D76-42B8-A991-A4BEED9831BC}.Biostack|x86.ActiveCfg = Biodeep|x86
		{6FBB3D95-4D76-42B8-A991-A4BEED9831BC}.Biostack|x86.Build.0 = Biodeep|x86
		{6FBB3D95-4D76-42B8-A991-A4BEED9831BC}.Biostack-Debug|Any CPU.ActiveCfg = Debug|Any CPU
		{6FBB3D95-4D76-42B8-A991-A4BEED9831BC}.Biostack-Debug|Any CPU.Build.0 = Debug|Any CPU
		{6FBB3D95-4D76-42B8-A991-A4BEED9831BC}.Biostack-Debug|x64.ActiveCfg = Debug|x64
		{6FBB3D95-4D76-42B8-A991-A4BEED9831BC}.Biostack-Debug|x64.Build.0 = Debug|x64
		{6FBB3D95-4D76-42B8-A991-A4BEED9831BC}.Biostack-Debug|x86.ActiveCfg = Debug|x86
		{6FBB3D95-4D76-42B8-A991-A4BEED9831BC}.Biostack-Debug|x86.Build.0 = Debug|x86
		{6FBB3D95-4D76-42B8-A991-A4BEED9831BC}.Debug|Any CPU.ActiveCfg = Debug|Any CPU
		{6FBB3D95-4D76-42B8-A991-A4BEED9831BC}.Debug|Any CPU.Build.0 = Debug|Any CPU
		{6FBB3D95-4D76-42B8-A991-A4BEED9831BC}.Debug|x64.ActiveCfg = Debug|x64
		{6FBB3D95-4D76-42B8-A991-A4BEED9831BC}.Debug|x64.Build.0 = Debug|x64
		{6FBB3D95-4D76-42B8-A991-A4BEED9831BC}.Debug|x86.ActiveCfg = Debug|x86
		{6FBB3D95-4D76-42B8-A991-A4BEED9831BC}.Debug|x86.Build.0 = Debug|x86
		{6FBB3D95-4D76-42B8-A991-A4BEED9831BC}.DEMO|Any CPU.ActiveCfg = Debug|Any CPU
		{6FBB3D95-4D76-42B8-A991-A4BEED9831BC}.DEMO|Any CPU.Build.0 = Debug|Any CPU
		{6FBB3D95-4D76-42B8-A991-A4BEED9831BC}.DEMO|x64.ActiveCfg = Debug|x64
		{6FBB3D95-4D76-42B8-A991-A4BEED9831BC}.DEMO|x64.Build.0 = Debug|x64
		{6FBB3D95-4D76-42B8-A991-A4BEED9831BC}.DEMO|x86.ActiveCfg = Debug|x86
		{6FBB3D95-4D76-42B8-A991-A4BEED9831BC}.DEMO|x86.Build.0 = Debug|x86
		{6FBB3D95-4D76-42B8-A991-A4BEED9831BC}.docs|Any CPU.ActiveCfg = Debug|Any CPU
		{6FBB3D95-4D76-42B8-A991-A4BEED9831BC}.docs|Any CPU.Build.0 = Debug|Any CPU
		{6FBB3D95-4D76-42B8-A991-A4BEED9831BC}.docs|x64.ActiveCfg = Debug|x64
		{6FBB3D95-4D76-42B8-A991-A4BEED9831BC}.docs|x64.Build.0 = Debug|x64
		{6FBB3D95-4D76-42B8-A991-A4BEED9831BC}.docs|x86.ActiveCfg = Debug|x86
		{6FBB3D95-4D76-42B8-A991-A4BEED9831BC}.docs|x86.Build.0 = Debug|x86
		{6FBB3D95-4D76-42B8-A991-A4BEED9831BC}.GCModeller(Release_X64)|Any CPU.ActiveCfg = GCModeller(Release_X64)|Any CPU
		{6FBB3D95-4D76-42B8-A991-A4BEED9831BC}.GCModeller(Release_X64)|Any CPU.Build.0 = GCModeller(Release_X64)|Any CPU
		{6FBB3D95-4D76-42B8-A991-A4BEED9831BC}.GCModeller(Release_X64)|x64.ActiveCfg = GCModeller(Release_X64)|x64
		{6FBB3D95-4D76-42B8-A991-A4BEED9831BC}.GCModeller(Release_X64)|x64.Build.0 = GCModeller(Release_X64)|x64
		{6FBB3D95-4D76-42B8-A991-A4BEED9831BC}.GCModeller(Release_X64)|x86.ActiveCfg = GCModeller(Release_X64)|x86
		{6FBB3D95-4D76-42B8-A991-A4BEED9831BC}.GCModeller(Release_X64)|x86.Build.0 = GCModeller(Release_X64)|x86
		{6FBB3D95-4D76-42B8-A991-A4BEED9831BC}.GCModeller(UNIX-Release_X64)|Any CPU.ActiveCfg = GCModeller(UNIX-Release_X64)|Any CPU
		{6FBB3D95-4D76-42B8-A991-A4BEED9831BC}.GCModeller(UNIX-Release_X64)|Any CPU.Build.0 = GCModeller(UNIX-Release_X64)|Any CPU
		{6FBB3D95-4D76-42B8-A991-A4BEED9831BC}.GCModeller(UNIX-Release_X64)|x64.ActiveCfg = GCModeller(UNIX-Release_X64)|x64
		{6FBB3D95-4D76-42B8-A991-A4BEED9831BC}.GCModeller(UNIX-Release_X64)|x64.Build.0 = GCModeller(UNIX-Release_X64)|x64
		{6FBB3D95-4D76-42B8-A991-A4BEED9831BC}.GCModeller(UNIX-Release_X64)|x86.ActiveCfg = GCModeller(UNIX-Release_X64)|x86
		{6FBB3D95-4D76-42B8-A991-A4BEED9831BC}.GCModeller(UNIX-Release_X64)|x86.Build.0 = GCModeller(UNIX-Release_X64)|x86
		{6FBB3D95-4D76-42B8-A991-A4BEED9831BC}.installer_x64|Any CPU.ActiveCfg = GCModeller(UNIX-Release_X64)|Any CPU
		{6FBB3D95-4D76-42B8-A991-A4BEED9831BC}.installer_x64|Any CPU.Build.0 = GCModeller(UNIX-Release_X64)|Any CPU
		{6FBB3D95-4D76-42B8-A991-A4BEED9831BC}.installer_x64|x64.ActiveCfg = GCModeller(UNIX-Release_X64)|x64
		{6FBB3D95-4D76-42B8-A991-A4BEED9831BC}.installer_x64|x64.Build.0 = GCModeller(UNIX-Release_X64)|x64
		{6FBB3D95-4D76-42B8-A991-A4BEED9831BC}.installer_x64|x86.ActiveCfg = GCModeller(UNIX-Release_X64)|x86
		{6FBB3D95-4D76-42B8-A991-A4BEED9831BC}.installer_x64|x86.Build.0 = GCModeller(UNIX-Release_X64)|x86
		{6FBB3D95-4D76-42B8-A991-A4BEED9831BC}.mysqli_X64_release|Any CPU.ActiveCfg = mysqli_X64_release|Any CPU
		{6FBB3D95-4D76-42B8-A991-A4BEED9831BC}.mysqli_X64_release|Any CPU.Build.0 = mysqli_X64_release|Any CPU
		{6FBB3D95-4D76-42B8-A991-A4BEED9831BC}.mysqli_X64_release|x64.ActiveCfg = mysqli_X64_release|x64
		{6FBB3D95-4D76-42B8-A991-A4BEED9831BC}.mysqli_X64_release|x64.Build.0 = mysqli_X64_release|x64
		{6FBB3D95-4D76-42B8-A991-A4BEED9831BC}.mysqli_X64_release|x86.ActiveCfg = mysqli_X64_release|x86
		{6FBB3D95-4D76-42B8-A991-A4BEED9831BC}.mysqli_X64_release|x86.Build.0 = mysqli_X64_release|x86
		{6FBB3D95-4D76-42B8-A991-A4BEED9831BC}.ProteoWizard.d|Any CPU.ActiveCfg = Publish|Any CPU
		{6FBB3D95-4D76-42B8-A991-A4BEED9831BC}.ProteoWizard.d|Any CPU.Build.0 = Publish|Any CPU
		{6FBB3D95-4D76-42B8-A991-A4BEED9831BC}.ProteoWizard.d|x64.ActiveCfg = Publish|x64
		{6FBB3D95-4D76-42B8-A991-A4BEED9831BC}.ProteoWizard.d|x64.Build.0 = Publish|x64
		{6FBB3D95-4D76-42B8-A991-A4BEED9831BC}.ProteoWizard.d|x86.ActiveCfg = Publish|x86
		{6FBB3D95-4D76-42B8-A991-A4BEED9831BC}.ProteoWizard.d|x86.Build.0 = Publish|x86
		{6FBB3D95-4D76-42B8-A991-A4BEED9831BC}.Publish|Any CPU.ActiveCfg = Publish|Any CPU
		{6FBB3D95-4D76-42B8-A991-A4BEED9831BC}.Publish|Any CPU.Build.0 = Publish|Any CPU
		{6FBB3D95-4D76-42B8-A991-A4BEED9831BC}.Publish|x64.ActiveCfg = Publish|x64
		{6FBB3D95-4D76-42B8-A991-A4BEED9831BC}.Publish|x64.Build.0 = Publish|x64
		{6FBB3D95-4D76-42B8-A991-A4BEED9831BC}.Publish|x86.ActiveCfg = Publish|x86
		{6FBB3D95-4D76-42B8-A991-A4BEED9831BC}.Publish|x86.Build.0 = Publish|x86
		{6FBB3D95-4D76-42B8-A991-A4BEED9831BC}.Release|Any CPU.ActiveCfg = Release|Any CPU
		{6FBB3D95-4D76-42B8-A991-A4BEED9831BC}.Release|Any CPU.Build.0 = Release|Any CPU
		{6FBB3D95-4D76-42B8-A991-A4BEED9831BC}.Release|x64.ActiveCfg = Release|x64
		{6FBB3D95-4D76-42B8-A991-A4BEED9831BC}.Release|x64.Build.0 = Release|x64
		{6FBB3D95-4D76-42B8-A991-A4BEED9831BC}.Release|x86.ActiveCfg = Release|x86
		{6FBB3D95-4D76-42B8-A991-A4BEED9831BC}.Release|x86.Build.0 = Release|x86
		{6FBB3D95-4D76-42B8-A991-A4BEED9831BC}.sciBASIC.NET-test-release|Any CPU.ActiveCfg = GCModeller(UNIX-Release_X64)|Any CPU
		{6FBB3D95-4D76-42B8-A991-A4BEED9831BC}.sciBASIC.NET-test-release|Any CPU.Build.0 = GCModeller(UNIX-Release_X64)|Any CPU
		{6FBB3D95-4D76-42B8-A991-A4BEED9831BC}.sciBASIC.NET-test-release|x64.ActiveCfg = GCModeller(UNIX-Release_X64)|x64
		{6FBB3D95-4D76-42B8-A991-A4BEED9831BC}.sciBASIC.NET-test-release|x64.Build.0 = GCModeller(UNIX-Release_X64)|x64
		{6FBB3D95-4D76-42B8-A991-A4BEED9831BC}.sciBASIC.NET-test-release|x86.ActiveCfg = GCModeller(UNIX-Release_X64)|x86
		{6FBB3D95-4D76-42B8-A991-A4BEED9831BC}.sciBASIC.NET-test-release|x86.Build.0 = GCModeller(UNIX-Release_X64)|x86
		{6FBB3D95-4D76-42B8-A991-A4BEED9831BC}.Surveillance-of-infectious-diseases|Any CPU.ActiveCfg = GCModeller(UNIX-Release_X64)|Any CPU
		{6FBB3D95-4D76-42B8-A991-A4BEED9831BC}.Surveillance-of-infectious-diseases|Any CPU.Build.0 = GCModeller(UNIX-Release_X64)|Any CPU
		{6FBB3D95-4D76-42B8-A991-A4BEED9831BC}.Surveillance-of-infectious-diseases|x64.ActiveCfg = GCModeller(UNIX-Release_X64)|x64
		{6FBB3D95-4D76-42B8-A991-A4BEED9831BC}.Surveillance-of-infectious-diseases|x64.Build.0 = GCModeller(UNIX-Release_X64)|x64
		{6FBB3D95-4D76-42B8-A991-A4BEED9831BC}.Surveillance-of-infectious-diseases|x86.ActiveCfg = GCModeller(UNIX-Release_X64)|x86
		{6FBB3D95-4D76-42B8-A991-A4BEED9831BC}.Surveillance-of-infectious-diseases|x86.Build.0 = GCModeller(UNIX-Release_X64)|x86
		{6FBB3D95-4D76-42B8-A991-A4BEED9831BC}.Yilia-Release_x64|Any CPU.ActiveCfg = Release|Any CPU
		{6FBB3D95-4D76-42B8-A991-A4BEED9831BC}.Yilia-Release_x64|Any CPU.Build.0 = Release|Any CPU
		{6FBB3D95-4D76-42B8-A991-A4BEED9831BC}.Yilia-Release_x64|x64.ActiveCfg = Release|x64
		{6FBB3D95-4D76-42B8-A991-A4BEED9831BC}.Yilia-Release_x64|x64.Build.0 = Release|x64
		{6FBB3D95-4D76-42B8-A991-A4BEED9831BC}.Yilia-Release_x64|x86.ActiveCfg = Release|x86
		{6FBB3D95-4D76-42B8-A991-A4BEED9831BC}.Yilia-Release_x64|x86.Build.0 = Release|x86
		{B73B787B-8239-425F-B7F8-73070209B8FA}.Biodeep_UNIX_x64|Any CPU.ActiveCfg = Release|Any CPU
		{B73B787B-8239-425F-B7F8-73070209B8FA}.Biodeep_UNIX_x64|Any CPU.Build.0 = Release|Any CPU
		{B73B787B-8239-425F-B7F8-73070209B8FA}.Biodeep_UNIX_x64|x64.ActiveCfg = Release|Any CPU
		{B73B787B-8239-425F-B7F8-73070209B8FA}.Biodeep_UNIX_x64|x64.Build.0 = Release|Any CPU
		{B73B787B-8239-425F-B7F8-73070209B8FA}.Biodeep_UNIX_x64|x86.ActiveCfg = Release|Any CPU
		{B73B787B-8239-425F-B7F8-73070209B8FA}.Biodeep_UNIX_x64|x86.Build.0 = Release|Any CPU
		{B73B787B-8239-425F-B7F8-73070209B8FA}.Biodeep|Any CPU.ActiveCfg = Release|Any CPU
		{B73B787B-8239-425F-B7F8-73070209B8FA}.Biodeep|Any CPU.Build.0 = Release|Any CPU
		{B73B787B-8239-425F-B7F8-73070209B8FA}.Biodeep|x64.ActiveCfg = Release|Any CPU
		{B73B787B-8239-425F-B7F8-73070209B8FA}.Biodeep|x64.Build.0 = Release|Any CPU
		{B73B787B-8239-425F-B7F8-73070209B8FA}.Biodeep|x86.ActiveCfg = Release|Any CPU
		{B73B787B-8239-425F-B7F8-73070209B8FA}.Biodeep|x86.Build.0 = Release|Any CPU
		{B73B787B-8239-425F-B7F8-73070209B8FA}.Biostack|Any CPU.ActiveCfg = Release|Any CPU
		{B73B787B-8239-425F-B7F8-73070209B8FA}.Biostack|Any CPU.Build.0 = Release|Any CPU
		{B73B787B-8239-425F-B7F8-73070209B8FA}.Biostack|x64.ActiveCfg = Release|Any CPU
		{B73B787B-8239-425F-B7F8-73070209B8FA}.Biostack|x64.Build.0 = Release|Any CPU
		{B73B787B-8239-425F-B7F8-73070209B8FA}.Biostack|x86.ActiveCfg = Release|Any CPU
		{B73B787B-8239-425F-B7F8-73070209B8FA}.Biostack|x86.Build.0 = Release|Any CPU
		{B73B787B-8239-425F-B7F8-73070209B8FA}.Biostack-Debug|Any CPU.ActiveCfg = Debug|Any CPU
		{B73B787B-8239-425F-B7F8-73070209B8FA}.Biostack-Debug|Any CPU.Build.0 = Debug|Any CPU
		{B73B787B-8239-425F-B7F8-73070209B8FA}.Biostack-Debug|x64.ActiveCfg = Debug|Any CPU
		{B73B787B-8239-425F-B7F8-73070209B8FA}.Biostack-Debug|x64.Build.0 = Debug|Any CPU
		{B73B787B-8239-425F-B7F8-73070209B8FA}.Biostack-Debug|x86.ActiveCfg = Debug|Any CPU
		{B73B787B-8239-425F-B7F8-73070209B8FA}.Biostack-Debug|x86.Build.0 = Debug|Any CPU
		{B73B787B-8239-425F-B7F8-73070209B8FA}.Debug|Any CPU.ActiveCfg = Debug|Any CPU
		{B73B787B-8239-425F-B7F8-73070209B8FA}.Debug|Any CPU.Build.0 = Debug|Any CPU
		{B73B787B-8239-425F-B7F8-73070209B8FA}.Debug|x64.ActiveCfg = Debug|x64
		{B73B787B-8239-425F-B7F8-73070209B8FA}.Debug|x64.Build.0 = Debug|x64
		{B73B787B-8239-425F-B7F8-73070209B8FA}.Debug|x86.ActiveCfg = Debug|Any CPU
		{B73B787B-8239-425F-B7F8-73070209B8FA}.Debug|x86.Build.0 = Debug|Any CPU
		{B73B787B-8239-425F-B7F8-73070209B8FA}.DEMO|Any CPU.ActiveCfg = Debug|Any CPU
		{B73B787B-8239-425F-B7F8-73070209B8FA}.DEMO|Any CPU.Build.0 = Debug|Any CPU
		{B73B787B-8239-425F-B7F8-73070209B8FA}.DEMO|x64.ActiveCfg = Debug|Any CPU
		{B73B787B-8239-425F-B7F8-73070209B8FA}.DEMO|x64.Build.0 = Debug|Any CPU
		{B73B787B-8239-425F-B7F8-73070209B8FA}.DEMO|x86.ActiveCfg = Debug|Any CPU
		{B73B787B-8239-425F-B7F8-73070209B8FA}.DEMO|x86.Build.0 = Debug|Any CPU
		{B73B787B-8239-425F-B7F8-73070209B8FA}.docs|Any CPU.ActiveCfg = Debug|Any CPU
		{B73B787B-8239-425F-B7F8-73070209B8FA}.docs|Any CPU.Build.0 = Debug|Any CPU
		{B73B787B-8239-425F-B7F8-73070209B8FA}.docs|x64.ActiveCfg = Debug|Any CPU
		{B73B787B-8239-425F-B7F8-73070209B8FA}.docs|x64.Build.0 = Debug|Any CPU
		{B73B787B-8239-425F-B7F8-73070209B8FA}.docs|x86.ActiveCfg = Debug|Any CPU
		{B73B787B-8239-425F-B7F8-73070209B8FA}.docs|x86.Build.0 = Debug|Any CPU
		{B73B787B-8239-425F-B7F8-73070209B8FA}.GCModeller(Release_X64)|Any CPU.ActiveCfg = Release|Any CPU
		{B73B787B-8239-425F-B7F8-73070209B8FA}.GCModeller(Release_X64)|Any CPU.Build.0 = Release|Any CPU
		{B73B787B-8239-425F-B7F8-73070209B8FA}.GCModeller(Release_X64)|x64.ActiveCfg = Release|Any CPU
		{B73B787B-8239-425F-B7F8-73070209B8FA}.GCModeller(Release_X64)|x64.Build.0 = Release|Any CPU
		{B73B787B-8239-425F-B7F8-73070209B8FA}.GCModeller(Release_X64)|x86.ActiveCfg = Release|Any CPU
		{B73B787B-8239-425F-B7F8-73070209B8FA}.GCModeller(Release_X64)|x86.Build.0 = Release|Any CPU
		{B73B787B-8239-425F-B7F8-73070209B8FA}.GCModeller(UNIX-Release_X64)|Any CPU.ActiveCfg = Release|Any CPU
		{B73B787B-8239-425F-B7F8-73070209B8FA}.GCModeller(UNIX-Release_X64)|Any CPU.Build.0 = Release|Any CPU
		{B73B787B-8239-425F-B7F8-73070209B8FA}.GCModeller(UNIX-Release_X64)|x64.ActiveCfg = Release|Any CPU
		{B73B787B-8239-425F-B7F8-73070209B8FA}.GCModeller(UNIX-Release_X64)|x64.Build.0 = Release|Any CPU
		{B73B787B-8239-425F-B7F8-73070209B8FA}.GCModeller(UNIX-Release_X64)|x86.ActiveCfg = Release|Any CPU
		{B73B787B-8239-425F-B7F8-73070209B8FA}.GCModeller(UNIX-Release_X64)|x86.Build.0 = Release|Any CPU
		{B73B787B-8239-425F-B7F8-73070209B8FA}.installer_x64|Any CPU.ActiveCfg = Release|Any CPU
		{B73B787B-8239-425F-B7F8-73070209B8FA}.installer_x64|Any CPU.Build.0 = Release|Any CPU
		{B73B787B-8239-425F-B7F8-73070209B8FA}.installer_x64|x64.ActiveCfg = Release|Any CPU
		{B73B787B-8239-425F-B7F8-73070209B8FA}.installer_x64|x64.Build.0 = Release|Any CPU
		{B73B787B-8239-425F-B7F8-73070209B8FA}.installer_x64|x86.ActiveCfg = Release|Any CPU
		{B73B787B-8239-425F-B7F8-73070209B8FA}.installer_x64|x86.Build.0 = Release|Any CPU
		{B73B787B-8239-425F-B7F8-73070209B8FA}.mysqli_X64_release|Any CPU.ActiveCfg = Release|Any CPU
		{B73B787B-8239-425F-B7F8-73070209B8FA}.mysqli_X64_release|Any CPU.Build.0 = Release|Any CPU
		{B73B787B-8239-425F-B7F8-73070209B8FA}.mysqli_X64_release|x64.ActiveCfg = Release|Any CPU
		{B73B787B-8239-425F-B7F8-73070209B8FA}.mysqli_X64_release|x64.Build.0 = Release|Any CPU
		{B73B787B-8239-425F-B7F8-73070209B8FA}.mysqli_X64_release|x86.ActiveCfg = Release|Any CPU
		{B73B787B-8239-425F-B7F8-73070209B8FA}.mysqli_X64_release|x86.Build.0 = Release|Any CPU
		{B73B787B-8239-425F-B7F8-73070209B8FA}.ProteoWizard.d|Any CPU.ActiveCfg = Release|Any CPU
		{B73B787B-8239-425F-B7F8-73070209B8FA}.ProteoWizard.d|Any CPU.Build.0 = Release|Any CPU
		{B73B787B-8239-425F-B7F8-73070209B8FA}.ProteoWizard.d|x64.ActiveCfg = Release|Any CPU
		{B73B787B-8239-425F-B7F8-73070209B8FA}.ProteoWizard.d|x64.Build.0 = Release|Any CPU
		{B73B787B-8239-425F-B7F8-73070209B8FA}.ProteoWizard.d|x86.ActiveCfg = Release|Any CPU
		{B73B787B-8239-425F-B7F8-73070209B8FA}.ProteoWizard.d|x86.Build.0 = Release|Any CPU
		{B73B787B-8239-425F-B7F8-73070209B8FA}.Publish|Any CPU.ActiveCfg = Release|Any CPU
		{B73B787B-8239-425F-B7F8-73070209B8FA}.Publish|Any CPU.Build.0 = Release|Any CPU
		{B73B787B-8239-425F-B7F8-73070209B8FA}.Publish|x64.ActiveCfg = Release|Any CPU
		{B73B787B-8239-425F-B7F8-73070209B8FA}.Publish|x64.Build.0 = Release|Any CPU
		{B73B787B-8239-425F-B7F8-73070209B8FA}.Publish|x86.ActiveCfg = Release|Any CPU
		{B73B787B-8239-425F-B7F8-73070209B8FA}.Publish|x86.Build.0 = Release|Any CPU
		{B73B787B-8239-425F-B7F8-73070209B8FA}.Release|Any CPU.ActiveCfg = Release|Any CPU
		{B73B787B-8239-425F-B7F8-73070209B8FA}.Release|Any CPU.Build.0 = Release|Any CPU
		{B73B787B-8239-425F-B7F8-73070209B8FA}.Release|x64.ActiveCfg = Release|x64
		{B73B787B-8239-425F-B7F8-73070209B8FA}.Release|x64.Build.0 = Release|x64
		{B73B787B-8239-425F-B7F8-73070209B8FA}.Release|x86.ActiveCfg = Release|Any CPU
		{B73B787B-8239-425F-B7F8-73070209B8FA}.Release|x86.Build.0 = Release|Any CPU
		{B73B787B-8239-425F-B7F8-73070209B8FA}.sciBASIC.NET-test-release|Any CPU.ActiveCfg = Release|Any CPU
		{B73B787B-8239-425F-B7F8-73070209B8FA}.sciBASIC.NET-test-release|Any CPU.Build.0 = Release|Any CPU
		{B73B787B-8239-425F-B7F8-73070209B8FA}.sciBASIC.NET-test-release|x64.ActiveCfg = Release|Any CPU
		{B73B787B-8239-425F-B7F8-73070209B8FA}.sciBASIC.NET-test-release|x64.Build.0 = Release|Any CPU
		{B73B787B-8239-425F-B7F8-73070209B8FA}.sciBASIC.NET-test-release|x86.ActiveCfg = Release|Any CPU
		{B73B787B-8239-425F-B7F8-73070209B8FA}.sciBASIC.NET-test-release|x86.Build.0 = Release|Any CPU
		{B73B787B-8239-425F-B7F8-73070209B8FA}.Surveillance-of-infectious-diseases|Any CPU.ActiveCfg = Release|Any CPU
		{B73B787B-8239-425F-B7F8-73070209B8FA}.Surveillance-of-infectious-diseases|Any CPU.Build.0 = Release|Any CPU
		{B73B787B-8239-425F-B7F8-73070209B8FA}.Surveillance-of-infectious-diseases|x64.ActiveCfg = Release|Any CPU
		{B73B787B-8239-425F-B7F8-73070209B8FA}.Surveillance-of-infectious-diseases|x64.Build.0 = Release|Any CPU
		{B73B787B-8239-425F-B7F8-73070209B8FA}.Surveillance-of-infectious-diseases|x86.ActiveCfg = Release|Any CPU
		{B73B787B-8239-425F-B7F8-73070209B8FA}.Surveillance-of-infectious-diseases|x86.Build.0 = Release|Any CPU
		{B73B787B-8239-425F-B7F8-73070209B8FA}.Yilia-Release_x64|Any CPU.ActiveCfg = Release|Any CPU
		{B73B787B-8239-425F-B7F8-73070209B8FA}.Yilia-Release_x64|Any CPU.Build.0 = Release|Any CPU
		{B73B787B-8239-425F-B7F8-73070209B8FA}.Yilia-Release_x64|x64.ActiveCfg = Release|Any CPU
		{B73B787B-8239-425F-B7F8-73070209B8FA}.Yilia-Release_x64|x64.Build.0 = Release|Any CPU
		{B73B787B-8239-425F-B7F8-73070209B8FA}.Yilia-Release_x64|x86.ActiveCfg = Release|Any CPU
		{B73B787B-8239-425F-B7F8-73070209B8FA}.Yilia-Release_x64|x86.Build.0 = Release|Any CPU
		{730BD63E-854F-4F61-99BB-CBEE9C9015EC}.Biodeep_UNIX_x64|Any CPU.ActiveCfg = Release|Any CPU
		{730BD63E-854F-4F61-99BB-CBEE9C9015EC}.Biodeep_UNIX_x64|Any CPU.Build.0 = Release|Any CPU
		{730BD63E-854F-4F61-99BB-CBEE9C9015EC}.Biodeep_UNIX_x64|x64.ActiveCfg = Release|Any CPU
		{730BD63E-854F-4F61-99BB-CBEE9C9015EC}.Biodeep_UNIX_x64|x64.Build.0 = Release|Any CPU
		{730BD63E-854F-4F61-99BB-CBEE9C9015EC}.Biodeep_UNIX_x64|x86.ActiveCfg = Release|Any CPU
		{730BD63E-854F-4F61-99BB-CBEE9C9015EC}.Biodeep_UNIX_x64|x86.Build.0 = Release|Any CPU
		{730BD63E-854F-4F61-99BB-CBEE9C9015EC}.Biodeep|Any CPU.ActiveCfg = Release|Any CPU
		{730BD63E-854F-4F61-99BB-CBEE9C9015EC}.Biodeep|Any CPU.Build.0 = Release|Any CPU
		{730BD63E-854F-4F61-99BB-CBEE9C9015EC}.Biodeep|x64.ActiveCfg = Release|Any CPU
		{730BD63E-854F-4F61-99BB-CBEE9C9015EC}.Biodeep|x64.Build.0 = Release|Any CPU
		{730BD63E-854F-4F61-99BB-CBEE9C9015EC}.Biodeep|x86.ActiveCfg = Release|Any CPU
		{730BD63E-854F-4F61-99BB-CBEE9C9015EC}.Biodeep|x86.Build.0 = Release|Any CPU
		{730BD63E-854F-4F61-99BB-CBEE9C9015EC}.Biostack|Any CPU.ActiveCfg = Release|Any CPU
		{730BD63E-854F-4F61-99BB-CBEE9C9015EC}.Biostack|Any CPU.Build.0 = Release|Any CPU
		{730BD63E-854F-4F61-99BB-CBEE9C9015EC}.Biostack|x64.ActiveCfg = Release|Any CPU
		{730BD63E-854F-4F61-99BB-CBEE9C9015EC}.Biostack|x64.Build.0 = Release|Any CPU
		{730BD63E-854F-4F61-99BB-CBEE9C9015EC}.Biostack|x86.ActiveCfg = Release|Any CPU
		{730BD63E-854F-4F61-99BB-CBEE9C9015EC}.Biostack|x86.Build.0 = Release|Any CPU
		{730BD63E-854F-4F61-99BB-CBEE9C9015EC}.Biostack-Debug|Any CPU.ActiveCfg = Debug|Any CPU
		{730BD63E-854F-4F61-99BB-CBEE9C9015EC}.Biostack-Debug|Any CPU.Build.0 = Debug|Any CPU
		{730BD63E-854F-4F61-99BB-CBEE9C9015EC}.Biostack-Debug|x64.ActiveCfg = Debug|Any CPU
		{730BD63E-854F-4F61-99BB-CBEE9C9015EC}.Biostack-Debug|x64.Build.0 = Debug|Any CPU
		{730BD63E-854F-4F61-99BB-CBEE9C9015EC}.Biostack-Debug|x86.ActiveCfg = Debug|Any CPU
		{730BD63E-854F-4F61-99BB-CBEE9C9015EC}.Biostack-Debug|x86.Build.0 = Debug|Any CPU
		{730BD63E-854F-4F61-99BB-CBEE9C9015EC}.Debug|Any CPU.ActiveCfg = Debug|Any CPU
		{730BD63E-854F-4F61-99BB-CBEE9C9015EC}.Debug|Any CPU.Build.0 = Debug|Any CPU
		{730BD63E-854F-4F61-99BB-CBEE9C9015EC}.Debug|x64.ActiveCfg = Debug|x64
		{730BD63E-854F-4F61-99BB-CBEE9C9015EC}.Debug|x64.Build.0 = Debug|x64
		{730BD63E-854F-4F61-99BB-CBEE9C9015EC}.Debug|x86.ActiveCfg = Debug|Any CPU
		{730BD63E-854F-4F61-99BB-CBEE9C9015EC}.Debug|x86.Build.0 = Debug|Any CPU
		{730BD63E-854F-4F61-99BB-CBEE9C9015EC}.DEMO|Any CPU.ActiveCfg = Debug|Any CPU
		{730BD63E-854F-4F61-99BB-CBEE9C9015EC}.DEMO|Any CPU.Build.0 = Debug|Any CPU
		{730BD63E-854F-4F61-99BB-CBEE9C9015EC}.DEMO|x64.ActiveCfg = Debug|Any CPU
		{730BD63E-854F-4F61-99BB-CBEE9C9015EC}.DEMO|x64.Build.0 = Debug|Any CPU
		{730BD63E-854F-4F61-99BB-CBEE9C9015EC}.DEMO|x86.ActiveCfg = Debug|Any CPU
		{730BD63E-854F-4F61-99BB-CBEE9C9015EC}.DEMO|x86.Build.0 = Debug|Any CPU
		{730BD63E-854F-4F61-99BB-CBEE9C9015EC}.docs|Any CPU.ActiveCfg = Debug|Any CPU
		{730BD63E-854F-4F61-99BB-CBEE9C9015EC}.docs|Any CPU.Build.0 = Debug|Any CPU
		{730BD63E-854F-4F61-99BB-CBEE9C9015EC}.docs|x64.ActiveCfg = Debug|Any CPU
		{730BD63E-854F-4F61-99BB-CBEE9C9015EC}.docs|x64.Build.0 = Debug|Any CPU
		{730BD63E-854F-4F61-99BB-CBEE9C9015EC}.docs|x86.ActiveCfg = Debug|Any CPU
		{730BD63E-854F-4F61-99BB-CBEE9C9015EC}.docs|x86.Build.0 = Debug|Any CPU
		{730BD63E-854F-4F61-99BB-CBEE9C9015EC}.GCModeller(Release_X64)|Any CPU.ActiveCfg = Release|Any CPU
		{730BD63E-854F-4F61-99BB-CBEE9C9015EC}.GCModeller(Release_X64)|Any CPU.Build.0 = Release|Any CPU
		{730BD63E-854F-4F61-99BB-CBEE9C9015EC}.GCModeller(Release_X64)|x64.ActiveCfg = Release|Any CPU
		{730BD63E-854F-4F61-99BB-CBEE9C9015EC}.GCModeller(Release_X64)|x64.Build.0 = Release|Any CPU
		{730BD63E-854F-4F61-99BB-CBEE9C9015EC}.GCModeller(Release_X64)|x86.ActiveCfg = Release|Any CPU
		{730BD63E-854F-4F61-99BB-CBEE9C9015EC}.GCModeller(Release_X64)|x86.Build.0 = Release|Any CPU
		{730BD63E-854F-4F61-99BB-CBEE9C9015EC}.GCModeller(UNIX-Release_X64)|Any CPU.ActiveCfg = Release|Any CPU
		{730BD63E-854F-4F61-99BB-CBEE9C9015EC}.GCModeller(UNIX-Release_X64)|Any CPU.Build.0 = Release|Any CPU
		{730BD63E-854F-4F61-99BB-CBEE9C9015EC}.GCModeller(UNIX-Release_X64)|x64.ActiveCfg = Release|Any CPU
		{730BD63E-854F-4F61-99BB-CBEE9C9015EC}.GCModeller(UNIX-Release_X64)|x64.Build.0 = Release|Any CPU
		{730BD63E-854F-4F61-99BB-CBEE9C9015EC}.GCModeller(UNIX-Release_X64)|x86.ActiveCfg = Release|Any CPU
		{730BD63E-854F-4F61-99BB-CBEE9C9015EC}.GCModeller(UNIX-Release_X64)|x86.Build.0 = Release|Any CPU
		{730BD63E-854F-4F61-99BB-CBEE9C9015EC}.installer_x64|Any CPU.ActiveCfg = Release|Any CPU
		{730BD63E-854F-4F61-99BB-CBEE9C9015EC}.installer_x64|Any CPU.Build.0 = Release|Any CPU
		{730BD63E-854F-4F61-99BB-CBEE9C9015EC}.installer_x64|x64.ActiveCfg = Release|Any CPU
		{730BD63E-854F-4F61-99BB-CBEE9C9015EC}.installer_x64|x64.Build.0 = Release|Any CPU
		{730BD63E-854F-4F61-99BB-CBEE9C9015EC}.installer_x64|x86.ActiveCfg = Release|Any CPU
		{730BD63E-854F-4F61-99BB-CBEE9C9015EC}.installer_x64|x86.Build.0 = Release|Any CPU
		{730BD63E-854F-4F61-99BB-CBEE9C9015EC}.mysqli_X64_release|Any CPU.ActiveCfg = Release|Any CPU
		{730BD63E-854F-4F61-99BB-CBEE9C9015EC}.mysqli_X64_release|Any CPU.Build.0 = Release|Any CPU
		{730BD63E-854F-4F61-99BB-CBEE9C9015EC}.mysqli_X64_release|x64.ActiveCfg = Release|Any CPU
		{730BD63E-854F-4F61-99BB-CBEE9C9015EC}.mysqli_X64_release|x64.Build.0 = Release|Any CPU
		{730BD63E-854F-4F61-99BB-CBEE9C9015EC}.mysqli_X64_release|x86.ActiveCfg = Release|Any CPU
		{730BD63E-854F-4F61-99BB-CBEE9C9015EC}.mysqli_X64_release|x86.Build.0 = Release|Any CPU
		{730BD63E-854F-4F61-99BB-CBEE9C9015EC}.ProteoWizard.d|Any CPU.ActiveCfg = Release|Any CPU
		{730BD63E-854F-4F61-99BB-CBEE9C9015EC}.ProteoWizard.d|Any CPU.Build.0 = Release|Any CPU
		{730BD63E-854F-4F61-99BB-CBEE9C9015EC}.ProteoWizard.d|x64.ActiveCfg = Release|Any CPU
		{730BD63E-854F-4F61-99BB-CBEE9C9015EC}.ProteoWizard.d|x64.Build.0 = Release|Any CPU
		{730BD63E-854F-4F61-99BB-CBEE9C9015EC}.ProteoWizard.d|x86.ActiveCfg = Release|Any CPU
		{730BD63E-854F-4F61-99BB-CBEE9C9015EC}.ProteoWizard.d|x86.Build.0 = Release|Any CPU
		{730BD63E-854F-4F61-99BB-CBEE9C9015EC}.Publish|Any CPU.ActiveCfg = Release|Any CPU
		{730BD63E-854F-4F61-99BB-CBEE9C9015EC}.Publish|Any CPU.Build.0 = Release|Any CPU
		{730BD63E-854F-4F61-99BB-CBEE9C9015EC}.Publish|x64.ActiveCfg = Release|Any CPU
		{730BD63E-854F-4F61-99BB-CBEE9C9015EC}.Publish|x64.Build.0 = Release|Any CPU
		{730BD63E-854F-4F61-99BB-CBEE9C9015EC}.Publish|x86.ActiveCfg = Release|Any CPU
		{730BD63E-854F-4F61-99BB-CBEE9C9015EC}.Publish|x86.Build.0 = Release|Any CPU
		{730BD63E-854F-4F61-99BB-CBEE9C9015EC}.Release|Any CPU.ActiveCfg = Release|Any CPU
		{730BD63E-854F-4F61-99BB-CBEE9C9015EC}.Release|Any CPU.Build.0 = Release|Any CPU
		{730BD63E-854F-4F61-99BB-CBEE9C9015EC}.Release|x64.ActiveCfg = Release|x64
		{730BD63E-854F-4F61-99BB-CBEE9C9015EC}.Release|x64.Build.0 = Release|x64
		{730BD63E-854F-4F61-99BB-CBEE9C9015EC}.Release|x86.ActiveCfg = Release|Any CPU
		{730BD63E-854F-4F61-99BB-CBEE9C9015EC}.Release|x86.Build.0 = Release|Any CPU
		{730BD63E-854F-4F61-99BB-CBEE9C9015EC}.sciBASIC.NET-test-release|Any CPU.ActiveCfg = Release|Any CPU
		{730BD63E-854F-4F61-99BB-CBEE9C9015EC}.sciBASIC.NET-test-release|Any CPU.Build.0 = Release|Any CPU
		{730BD63E-854F-4F61-99BB-CBEE9C9015EC}.sciBASIC.NET-test-release|x64.ActiveCfg = Release|Any CPU
		{730BD63E-854F-4F61-99BB-CBEE9C9015EC}.sciBASIC.NET-test-release|x64.Build.0 = Release|Any CPU
		{730BD63E-854F-4F61-99BB-CBEE9C9015EC}.sciBASIC.NET-test-release|x86.ActiveCfg = Release|Any CPU
		{730BD63E-854F-4F61-99BB-CBEE9C9015EC}.sciBASIC.NET-test-release|x86.Build.0 = Release|Any CPU
		{730BD63E-854F-4F61-99BB-CBEE9C9015EC}.Surveillance-of-infectious-diseases|Any CPU.ActiveCfg = Release|Any CPU
		{730BD63E-854F-4F61-99BB-CBEE9C9015EC}.Surveillance-of-infectious-diseases|Any CPU.Build.0 = Release|Any CPU
		{730BD63E-854F-4F61-99BB-CBEE9C9015EC}.Surveillance-of-infectious-diseases|x64.ActiveCfg = Release|Any CPU
		{730BD63E-854F-4F61-99BB-CBEE9C9015EC}.Surveillance-of-infectious-diseases|x64.Build.0 = Release|Any CPU
		{730BD63E-854F-4F61-99BB-CBEE9C9015EC}.Surveillance-of-infectious-diseases|x86.ActiveCfg = Release|Any CPU
		{730BD63E-854F-4F61-99BB-CBEE9C9015EC}.Surveillance-of-infectious-diseases|x86.Build.0 = Release|Any CPU
		{730BD63E-854F-4F61-99BB-CBEE9C9015EC}.Yilia-Release_x64|Any CPU.ActiveCfg = Release|Any CPU
		{730BD63E-854F-4F61-99BB-CBEE9C9015EC}.Yilia-Release_x64|Any CPU.Build.0 = Release|Any CPU
		{730BD63E-854F-4F61-99BB-CBEE9C9015EC}.Yilia-Release_x64|x64.ActiveCfg = Release|Any CPU
		{730BD63E-854F-4F61-99BB-CBEE9C9015EC}.Yilia-Release_x64|x64.Build.0 = Release|Any CPU
		{730BD63E-854F-4F61-99BB-CBEE9C9015EC}.Yilia-Release_x64|x86.ActiveCfg = Release|Any CPU
		{730BD63E-854F-4F61-99BB-CBEE9C9015EC}.Yilia-Release_x64|x86.Build.0 = Release|Any CPU
		{3A65D811-FC5C-4AD9-8456-8F720FF14C16}.Biodeep_UNIX_x64|Any CPU.ActiveCfg = Publish|Any CPU
		{3A65D811-FC5C-4AD9-8456-8F720FF14C16}.Biodeep_UNIX_x64|Any CPU.Build.0 = Publish|Any CPU
		{3A65D811-FC5C-4AD9-8456-8F720FF14C16}.Biodeep_UNIX_x64|x64.ActiveCfg = Publish|x64
		{3A65D811-FC5C-4AD9-8456-8F720FF14C16}.Biodeep_UNIX_x64|x64.Build.0 = Publish|x64
		{3A65D811-FC5C-4AD9-8456-8F720FF14C16}.Biodeep_UNIX_x64|x86.ActiveCfg = Publish|Any CPU
		{3A65D811-FC5C-4AD9-8456-8F720FF14C16}.Biodeep_UNIX_x64|x86.Build.0 = Publish|Any CPU
		{3A65D811-FC5C-4AD9-8456-8F720FF14C16}.Biodeep|Any CPU.ActiveCfg = Publish|Any CPU
		{3A65D811-FC5C-4AD9-8456-8F720FF14C16}.Biodeep|Any CPU.Build.0 = Publish|Any CPU
		{3A65D811-FC5C-4AD9-8456-8F720FF14C16}.Biodeep|x64.ActiveCfg = Publish|x64
		{3A65D811-FC5C-4AD9-8456-8F720FF14C16}.Biodeep|x64.Build.0 = Publish|x64
		{3A65D811-FC5C-4AD9-8456-8F720FF14C16}.Biodeep|x86.ActiveCfg = Publish|Any CPU
		{3A65D811-FC5C-4AD9-8456-8F720FF14C16}.Biodeep|x86.Build.0 = Publish|Any CPU
		{3A65D811-FC5C-4AD9-8456-8F720FF14C16}.Biostack|Any CPU.ActiveCfg = Publish|Any CPU
		{3A65D811-FC5C-4AD9-8456-8F720FF14C16}.Biostack|Any CPU.Build.0 = Publish|Any CPU
		{3A65D811-FC5C-4AD9-8456-8F720FF14C16}.Biostack|x64.ActiveCfg = Publish|x64
		{3A65D811-FC5C-4AD9-8456-8F720FF14C16}.Biostack|x64.Build.0 = Publish|x64
		{3A65D811-FC5C-4AD9-8456-8F720FF14C16}.Biostack|x86.ActiveCfg = Publish|Any CPU
		{3A65D811-FC5C-4AD9-8456-8F720FF14C16}.Biostack|x86.Build.0 = Publish|Any CPU
		{3A65D811-FC5C-4AD9-8456-8F720FF14C16}.Biostack-Debug|Any CPU.ActiveCfg = Debug|Any CPU
		{3A65D811-FC5C-4AD9-8456-8F720FF14C16}.Biostack-Debug|Any CPU.Build.0 = Debug|Any CPU
		{3A65D811-FC5C-4AD9-8456-8F720FF14C16}.Biostack-Debug|x64.ActiveCfg = Debug|x64
		{3A65D811-FC5C-4AD9-8456-8F720FF14C16}.Biostack-Debug|x64.Build.0 = Debug|x64
		{3A65D811-FC5C-4AD9-8456-8F720FF14C16}.Biostack-Debug|x86.ActiveCfg = Debug|Any CPU
		{3A65D811-FC5C-4AD9-8456-8F720FF14C16}.Biostack-Debug|x86.Build.0 = Debug|Any CPU
		{3A65D811-FC5C-4AD9-8456-8F720FF14C16}.Debug|Any CPU.ActiveCfg = Debug|Any CPU
		{3A65D811-FC5C-4AD9-8456-8F720FF14C16}.Debug|Any CPU.Build.0 = Debug|Any CPU
		{3A65D811-FC5C-4AD9-8456-8F720FF14C16}.Debug|x64.ActiveCfg = Debug|x64
		{3A65D811-FC5C-4AD9-8456-8F720FF14C16}.Debug|x64.Build.0 = Debug|x64
		{3A65D811-FC5C-4AD9-8456-8F720FF14C16}.Debug|x86.ActiveCfg = Debug|Any CPU
		{3A65D811-FC5C-4AD9-8456-8F720FF14C16}.Debug|x86.Build.0 = Debug|Any CPU
		{3A65D811-FC5C-4AD9-8456-8F720FF14C16}.DEMO|Any CPU.ActiveCfg = Debug|Any CPU
		{3A65D811-FC5C-4AD9-8456-8F720FF14C16}.DEMO|Any CPU.Build.0 = Debug|Any CPU
		{3A65D811-FC5C-4AD9-8456-8F720FF14C16}.DEMO|x64.ActiveCfg = Debug|x64
		{3A65D811-FC5C-4AD9-8456-8F720FF14C16}.DEMO|x64.Build.0 = Debug|x64
		{3A65D811-FC5C-4AD9-8456-8F720FF14C16}.DEMO|x86.ActiveCfg = Debug|Any CPU
		{3A65D811-FC5C-4AD9-8456-8F720FF14C16}.DEMO|x86.Build.0 = Debug|Any CPU
		{3A65D811-FC5C-4AD9-8456-8F720FF14C16}.docs|Any CPU.ActiveCfg = Debug|Any CPU
		{3A65D811-FC5C-4AD9-8456-8F720FF14C16}.docs|Any CPU.Build.0 = Debug|Any CPU
		{3A65D811-FC5C-4AD9-8456-8F720FF14C16}.docs|x64.ActiveCfg = Debug|x64
		{3A65D811-FC5C-4AD9-8456-8F720FF14C16}.docs|x64.Build.0 = Debug|x64
		{3A65D811-FC5C-4AD9-8456-8F720FF14C16}.docs|x86.ActiveCfg = Debug|Any CPU
		{3A65D811-FC5C-4AD9-8456-8F720FF14C16}.docs|x86.Build.0 = Debug|Any CPU
		{3A65D811-FC5C-4AD9-8456-8F720FF14C16}.GCModeller(Release_X64)|Any CPU.ActiveCfg = Release|Any CPU
		{3A65D811-FC5C-4AD9-8456-8F720FF14C16}.GCModeller(Release_X64)|Any CPU.Build.0 = Release|Any CPU
		{3A65D811-FC5C-4AD9-8456-8F720FF14C16}.GCModeller(Release_X64)|x64.ActiveCfg = Release|x64
		{3A65D811-FC5C-4AD9-8456-8F720FF14C16}.GCModeller(Release_X64)|x64.Build.0 = Release|x64
		{3A65D811-FC5C-4AD9-8456-8F720FF14C16}.GCModeller(Release_X64)|x86.ActiveCfg = Release|Any CPU
		{3A65D811-FC5C-4AD9-8456-8F720FF14C16}.GCModeller(Release_X64)|x86.Build.0 = Release|Any CPU
		{3A65D811-FC5C-4AD9-8456-8F720FF14C16}.GCModeller(UNIX-Release_X64)|Any CPU.ActiveCfg = Release|Any CPU
		{3A65D811-FC5C-4AD9-8456-8F720FF14C16}.GCModeller(UNIX-Release_X64)|Any CPU.Build.0 = Release|Any CPU
		{3A65D811-FC5C-4AD9-8456-8F720FF14C16}.GCModeller(UNIX-Release_X64)|x64.ActiveCfg = Release|x64
		{3A65D811-FC5C-4AD9-8456-8F720FF14C16}.GCModeller(UNIX-Release_X64)|x64.Build.0 = Release|x64
		{3A65D811-FC5C-4AD9-8456-8F720FF14C16}.GCModeller(UNIX-Release_X64)|x86.ActiveCfg = Release|Any CPU
		{3A65D811-FC5C-4AD9-8456-8F720FF14C16}.GCModeller(UNIX-Release_X64)|x86.Build.0 = Release|Any CPU
		{3A65D811-FC5C-4AD9-8456-8F720FF14C16}.installer_x64|Any CPU.ActiveCfg = installer_x64|Any CPU
		{3A65D811-FC5C-4AD9-8456-8F720FF14C16}.installer_x64|Any CPU.Build.0 = installer_x64|Any CPU
		{3A65D811-FC5C-4AD9-8456-8F720FF14C16}.installer_x64|x64.ActiveCfg = installer_x64|x64
		{3A65D811-FC5C-4AD9-8456-8F720FF14C16}.installer_x64|x64.Build.0 = installer_x64|x64
		{3A65D811-FC5C-4AD9-8456-8F720FF14C16}.installer_x64|x86.ActiveCfg = installer_x64|Any CPU
		{3A65D811-FC5C-4AD9-8456-8F720FF14C16}.installer_x64|x86.Build.0 = installer_x64|Any CPU
		{3A65D811-FC5C-4AD9-8456-8F720FF14C16}.mysqli_X64_release|Any CPU.ActiveCfg = Publish|Any CPU
		{3A65D811-FC5C-4AD9-8456-8F720FF14C16}.mysqli_X64_release|Any CPU.Build.0 = Publish|Any CPU
		{3A65D811-FC5C-4AD9-8456-8F720FF14C16}.mysqli_X64_release|x64.ActiveCfg = Publish|x64
		{3A65D811-FC5C-4AD9-8456-8F720FF14C16}.mysqli_X64_release|x64.Build.0 = Publish|x64
		{3A65D811-FC5C-4AD9-8456-8F720FF14C16}.mysqli_X64_release|x86.ActiveCfg = Publish|Any CPU
		{3A65D811-FC5C-4AD9-8456-8F720FF14C16}.mysqli_X64_release|x86.Build.0 = Publish|Any CPU
		{3A65D811-FC5C-4AD9-8456-8F720FF14C16}.ProteoWizard.d|Any CPU.ActiveCfg = Publish|Any CPU
		{3A65D811-FC5C-4AD9-8456-8F720FF14C16}.ProteoWizard.d|Any CPU.Build.0 = Publish|Any CPU
		{3A65D811-FC5C-4AD9-8456-8F720FF14C16}.ProteoWizard.d|x64.ActiveCfg = Publish|x64
		{3A65D811-FC5C-4AD9-8456-8F720FF14C16}.ProteoWizard.d|x64.Build.0 = Publish|x64
		{3A65D811-FC5C-4AD9-8456-8F720FF14C16}.ProteoWizard.d|x86.ActiveCfg = Publish|Any CPU
		{3A65D811-FC5C-4AD9-8456-8F720FF14C16}.ProteoWizard.d|x86.Build.0 = Publish|Any CPU
		{3A65D811-FC5C-4AD9-8456-8F720FF14C16}.Publish|Any CPU.ActiveCfg = Publish|Any CPU
		{3A65D811-FC5C-4AD9-8456-8F720FF14C16}.Publish|Any CPU.Build.0 = Publish|Any CPU
		{3A65D811-FC5C-4AD9-8456-8F720FF14C16}.Publish|x64.ActiveCfg = Publish|x64
		{3A65D811-FC5C-4AD9-8456-8F720FF14C16}.Publish|x64.Build.0 = Publish|x64
		{3A65D811-FC5C-4AD9-8456-8F720FF14C16}.Publish|x86.ActiveCfg = Publish|Any CPU
		{3A65D811-FC5C-4AD9-8456-8F720FF14C16}.Publish|x86.Build.0 = Publish|Any CPU
		{3A65D811-FC5C-4AD9-8456-8F720FF14C16}.Release|Any CPU.ActiveCfg = Release|Any CPU
		{3A65D811-FC5C-4AD9-8456-8F720FF14C16}.Release|Any CPU.Build.0 = Release|Any CPU
		{3A65D811-FC5C-4AD9-8456-8F720FF14C16}.Release|x64.ActiveCfg = Release|x64
		{3A65D811-FC5C-4AD9-8456-8F720FF14C16}.Release|x64.Build.0 = Release|x64
		{3A65D811-FC5C-4AD9-8456-8F720FF14C16}.Release|x86.ActiveCfg = Release|Any CPU
		{3A65D811-FC5C-4AD9-8456-8F720FF14C16}.Release|x86.Build.0 = Release|Any CPU
		{3A65D811-FC5C-4AD9-8456-8F720FF14C16}.sciBASIC.NET-test-release|Any CPU.ActiveCfg = Publish|Any CPU
		{3A65D811-FC5C-4AD9-8456-8F720FF14C16}.sciBASIC.NET-test-release|Any CPU.Build.0 = Publish|Any CPU
		{3A65D811-FC5C-4AD9-8456-8F720FF14C16}.sciBASIC.NET-test-release|x64.ActiveCfg = Publish|x64
		{3A65D811-FC5C-4AD9-8456-8F720FF14C16}.sciBASIC.NET-test-release|x64.Build.0 = Publish|x64
		{3A65D811-FC5C-4AD9-8456-8F720FF14C16}.sciBASIC.NET-test-release|x86.ActiveCfg = Publish|Any CPU
		{3A65D811-FC5C-4AD9-8456-8F720FF14C16}.sciBASIC.NET-test-release|x86.Build.0 = Publish|Any CPU
		{3A65D811-FC5C-4AD9-8456-8F720FF14C16}.Surveillance-of-infectious-diseases|Any CPU.ActiveCfg = Publish|Any CPU
		{3A65D811-FC5C-4AD9-8456-8F720FF14C16}.Surveillance-of-infectious-diseases|Any CPU.Build.0 = Publish|Any CPU
		{3A65D811-FC5C-4AD9-8456-8F720FF14C16}.Surveillance-of-infectious-diseases|x64.ActiveCfg = Publish|x64
		{3A65D811-FC5C-4AD9-8456-8F720FF14C16}.Surveillance-of-infectious-diseases|x64.Build.0 = Publish|x64
		{3A65D811-FC5C-4AD9-8456-8F720FF14C16}.Surveillance-of-infectious-diseases|x86.ActiveCfg = Publish|Any CPU
		{3A65D811-FC5C-4AD9-8456-8F720FF14C16}.Surveillance-of-infectious-diseases|x86.Build.0 = Publish|Any CPU
		{3A65D811-FC5C-4AD9-8456-8F720FF14C16}.Yilia-Release_x64|Any CPU.ActiveCfg = Release|Any CPU
		{3A65D811-FC5C-4AD9-8456-8F720FF14C16}.Yilia-Release_x64|Any CPU.Build.0 = Release|Any CPU
		{3A65D811-FC5C-4AD9-8456-8F720FF14C16}.Yilia-Release_x64|x64.ActiveCfg = Release|x64
		{3A65D811-FC5C-4AD9-8456-8F720FF14C16}.Yilia-Release_x64|x64.Build.0 = Release|x64
		{3A65D811-FC5C-4AD9-8456-8F720FF14C16}.Yilia-Release_x64|x86.ActiveCfg = Release|Any CPU
		{3A65D811-FC5C-4AD9-8456-8F720FF14C16}.Yilia-Release_x64|x86.Build.0 = Release|Any CPU
	EndGlobalSection
	GlobalSection(SolutionProperties) = preSolution
		HideSolutionNode = FALSE
	EndGlobalSection
	GlobalSection(NestedProjects) = preSolution
		{FECCE1FD-E1D4-49E3-A668-60BB5E7AED99} = {B5AA85AA-8238-4323-8C94-8BF9EA47BF54}
		{2DD4BE80-DDC3-4767-94A7-10F1C3395716} = {B5AA85AA-8238-4323-8C94-8BF9EA47BF54}
		{2C34A044-1BDE-44E8-A86E-E9971C87DA21} = {4D3522D8-5C17-4882-A52A-C8F723531174}
		{6FBB3D95-4D76-42B8-A991-A4BEED9831BC} = {4D3522D8-5C17-4882-A52A-C8F723531174}
		{4D3522D8-5C17-4882-A52A-C8F723531174} = {B5AA85AA-8238-4323-8C94-8BF9EA47BF54}
		{3A65D811-FC5C-4AD9-8456-8F720FF14C16} = {B5AA85AA-8238-4323-8C94-8BF9EA47BF54}
	EndGlobalSection
	GlobalSection(ExtensibilityGlobals) = postSolution
		SolutionGuid = {75507F09-62CF-4D69-B9C1-8C37932F601B}
	EndGlobalSection
EndGlobal
